{
  "version": 4,
  "terraform_version": "1.0.9",
  "serial": 759,
  "lineage": "19ede2ba-1988-f26d-01cd-8ace6ffdc24c",
  "outputs": {
    "public_ip_backend": {
      "value": "18.231.149.93",
      "type": "string"
    },
    "public_ip_frontend": {
      "value": "18.231.176.186",
      "type": "string"
    }
  },
  "resources": [
    {
      "mode": "data",
      "type": "template_file",
      "name": "user_data_client",
      "provider": "provider[\"registry.terraform.io/hashicorp/template\"]",
      "instances": [
        {
          "schema_version": 0,
          "attributes": {
            "filename": null,
            "id": "10edf37f81a2237f57a1fe943d22c62286379e930614412cdb617c8f07a801a7",
            "rendered": "#cloud-config\r\npackages:\r\n  - docker.io\r\nruncmd:\r\n  - sudo yum update -y\r\n  - sudo yum install -y docker\r\n  - sudo systemctl start docker\r\n  - sudo systemctl enable docker\r\n  - docker pull luischdu/frontendbookingdh:1.2\r\n  - docker run -p 80:80 --name client-bookingdh luischdu/frontendbookingdh:1.2",
            "template": "#cloud-config\r\npackages:\r\n  - docker.io\r\nruncmd:\r\n  - sudo yum update -y\r\n  - sudo yum install -y docker\r\n  - sudo systemctl start docker\r\n  - sudo systemctl enable docker\r\n  - docker pull luischdu/frontendbookingdh:1.2\r\n  - docker run -p 80:80 --name client-bookingdh luischdu/frontendbookingdh:1.2",
            "vars": null
          },
          "sensitive_attributes": []
        }
      ]
    },
    {
      "mode": "data",
      "type": "template_file",
      "name": "user_data_server",
      "provider": "provider[\"registry.terraform.io/hashicorp/template\"]",
      "instances": [
        {
          "schema_version": 0,
          "attributes": {
            "filename": null,
            "id": "029795195f6240b2371c3d330064526e66fd77b90f8538fc4761a29a8a75fcbb",
            "rendered": "#cloud-config\r\npackages:\r\n  - docker.io\r\nruncmd:\r\n  - sudo yum update -y\r\n  - sudo yum install -y docker\r\n  - sudo systemctl start docker\r\n  - sudo systemctl enable docker\r\n  - docker pull luischdu/backendbookingdh:1.1\r\n  - docker run -p 80:8080 --name server-bookingdh luischdu/backendbookingdh:1.1",
            "template": "#cloud-config\r\npackages:\r\n  - docker.io\r\nruncmd:\r\n  - sudo yum update -y\r\n  - sudo yum install -y docker\r\n  - sudo systemctl start docker\r\n  - sudo systemctl enable docker\r\n  - docker pull luischdu/backendbookingdh:1.1\r\n  - docker run -p 80:8080 --name server-bookingdh luischdu/backendbookingdh:1.1",
            "vars": null
          },
          "sensitive_attributes": []
        }
      ]
    },
    {
      "mode": "managed",
      "type": "aws_db_instance",
      "name": "db",
      "provider": "provider[\"registry.terraform.io/hashicorp/aws\"]",
      "instances": [
        {
          "schema_version": 1,
          "attributes": {
            "address": "test-db.cyf1apsq9rah.sa-east-1.rds.amazonaws.com",
            "allocated_storage": 20,
            "allow_major_version_upgrade": null,
            "apply_immediately": null,
            "arn": "arn:aws:rds:sa-east-1:785952516872:db:test-db",
            "auto_minor_version_upgrade": true,
            "availability_zone": "sa-east-1c",
            "backup_retention_period": 0,
            "backup_window": "04:17-04:47",
            "ca_cert_identifier": "rds-ca-2019",
            "character_set_name": "",
            "copy_tags_to_snapshot": false,
            "customer_owned_ip_enabled": false,
            "db_subnet_group_name": "testdb-subnet",
            "delete_automated_backups": true,
            "deletion_protection": false,
            "domain": "",
            "domain_iam_role_name": "",
            "enabled_cloudwatch_logs_exports": [],
            "endpoint": "test-db.cyf1apsq9rah.sa-east-1.rds.amazonaws.com:3306",
            "engine": "mysql",
            "engine_version": "8.0.23",
            "engine_version_actual": "8.0.23",
            "final_snapshot_identifier": null,
            "hosted_zone_id": "ZLRUIUX7Z3ZF7",
            "iam_database_authentication_enabled": false,
            "id": "test-db",
            "identifier": "test-db",
            "identifier_prefix": null,
            "instance_class": "db.t2.micro",
            "iops": 0,
            "kms_key_id": "",
            "latest_restorable_time": "0001-01-01T00:00:00Z",
            "license_model": "general-public-license",
            "maintenance_window": "sun:01:30-sun:02:00",
            "max_allocated_storage": 0,
            "monitoring_interval": 0,
            "monitoring_role_arn": "",
            "multi_az": false,
            "name": "dh",
            "nchar_character_set_name": "",
            "option_group_name": "default:mysql-8-0",
            "parameter_group_name": "default.mysql8.0",
            "password": "devsclanadmin",
            "performance_insights_enabled": false,
            "performance_insights_kms_key_id": "",
            "performance_insights_retention_period": 0,
            "port": 3306,
            "publicly_accessible": true,
            "replica_mode": "",
            "replicas": [],
            "replicate_source_db": "",
            "resource_id": "db-HUMI75PMZGFOAX35Q34AVRX36U",
            "restore_to_point_in_time": [],
            "s3_import": [],
            "security_group_names": [],
            "skip_final_snapshot": true,
            "snapshot_identifier": null,
            "status": "available",
            "storage_encrypted": false,
            "storage_type": "gp2",
            "tags": {},
            "tags_all": {},
            "timeouts": null,
            "timezone": "",
            "username": "devsclan",
            "vpc_security_group_ids": [
              "sg-07687555446436db9"
            ]
          },
          "sensitive_attributes": [],
          "private": "eyJlMmJmYjczMC1lY2FhLTExZTYtOGY4OC0zNDM2M2JjN2M0YzAiOnsiY3JlYXRlIjoyNDAwMDAwMDAwMDAwLCJkZWxldGUiOjM2MDAwMDAwMDAwMDAsInVwZGF0ZSI6NDgwMDAwMDAwMDAwMH0sInNjaGVtYV92ZXJzaW9uIjoiMSJ9",
          "dependencies": [
            "aws_subnet.subnet-front",
            "aws_vpc.vpc",
            "aws_db_subnet_group.db-subnet",
            "aws_security_group.test-sg",
            "aws_subnet.subnet-back"
          ]
        }
      ]
    },
    {
      "mode": "managed",
      "type": "aws_db_subnet_group",
      "name": "db-subnet",
      "provider": "provider[\"registry.terraform.io/hashicorp/aws\"]",
      "instances": [
        {
          "schema_version": 0,
          "attributes": {
            "arn": "arn:aws:rds:sa-east-1:785952516872:subgrp:testdb-subnet",
            "description": "Managed by Terraform",
            "id": "testdb-subnet",
            "name": "testdb-subnet",
            "name_prefix": null,
            "subnet_ids": [
              "subnet-0684a84bf5ea0a7f5",
              "subnet-0d6cbd5aed123dacf"
            ],
            "tags": {
              "Name": "Test DB subnet group"
            },
            "tags_all": {
              "Name": "Test DB subnet group"
            }
          },
          "sensitive_attributes": [],
          "private": "bnVsbA==",
          "dependencies": [
            "aws_subnet.subnet-back",
            "aws_subnet.subnet-front",
            "aws_vpc.vpc"
          ]
        }
      ]
    },
    {
      "mode": "managed",
      "type": "aws_instance",
      "name": "backend",
      "provider": "provider[\"registry.terraform.io/hashicorp/aws\"]",
      "instances": [
        {
          "schema_version": 1,
          "attributes": {
            "ami": "ami-0e66f5495b4efdd0f",
            "arn": "arn:aws:ec2:sa-east-1:785952516872:instance/i-06bd3a75f852d346d",
            "associate_public_ip_address": true,
            "availability_zone": "sa-east-1c",
            "capacity_reservation_specification": [
              {
                "capacity_reservation_preference": "open",
                "capacity_reservation_target": []
              }
            ],
            "cpu_core_count": 1,
            "cpu_threads_per_core": 2,
            "credit_specification": [
              {
                "cpu_credits": "standard"
              }
            ],
            "disable_api_termination": false,
            "ebs_block_device": [],
            "ebs_optimized": false,
            "enclave_options": [
              {
                "enabled": false
              }
            ],
            "ephemeral_block_device": [],
            "get_password_data": false,
            "hibernation": false,
            "host_id": null,
            "iam_instance_profile": "",
            "id": "i-06bd3a75f852d346d",
            "instance_initiated_shutdown_behavior": "stop",
            "instance_state": "running",
            "instance_type": "t3.micro",
            "ipv6_address_count": 0,
            "ipv6_addresses": [],
            "key_name": "testKey",
            "launch_template": [],
            "metadata_options": [
              {
                "http_endpoint": "enabled",
                "http_put_response_hop_limit": 1,
                "http_tokens": "optional"
              }
            ],
            "monitoring": false,
            "network_interface": [],
            "outpost_arn": "",
            "password_data": "",
            "placement_group": "",
            "placement_partition_number": null,
            "primary_network_interface_id": "eni-01bba8f4214fb86c4",
            "private_dns": "ip-10-0-0-109.sa-east-1.compute.internal",
            "private_ip": "10.0.0.109",
            "public_dns": "ec2-15-228-13-234.sa-east-1.compute.amazonaws.com",
            "public_ip": "15.228.13.234",
            "root_block_device": [
              {
                "delete_on_termination": true,
                "device_name": "/dev/sda1",
                "encrypted": false,
                "iops": 100,
                "kms_key_id": "",
                "tags": {},
                "throughput": 0,
                "volume_id": "vol-04f8c1430323ad8ba",
                "volume_size": 8,
                "volume_type": "gp2"
              }
            ],
            "secondary_private_ips": [],
            "security_groups": [],
            "source_dest_check": true,
            "subnet_id": "subnet-0684a84bf5ea0a7f5",
            "tags": {
              "Name": "TestBack"
            },
            "tags_all": {
              "Name": "TestBack"
            },
            "tenancy": "default",
            "timeouts": null,
            "user_data": null,
            "user_data_base64": null,
            "volume_tags": null,
            "vpc_security_group_ids": [
              "sg-07687555446436db9"
            ]
          },
          "sensitive_attributes": [],
          "private": "eyJlMmJmYjczMC1lY2FhLTExZTYtOGY4OC0zNDM2M2JjN2M0YzAiOnsiY3JlYXRlIjo2MDAwMDAwMDAwMDAsImRlbGV0ZSI6MTIwMDAwMDAwMDAwMCwidXBkYXRlIjo2MDAwMDAwMDAwMDB9LCJzY2hlbWFfdmVyc2lvbiI6IjEifQ==",
          "dependencies": [
            "aws_key_pair.kp",
            "aws_security_group.test-sg",
            "aws_subnet.subnet-back",
            "aws_vpc.vpc",
            "tls_private_key.pk"
          ]
        }
      ]
    },
    {
      "mode": "managed",
      "type": "aws_instance",
      "name": "backend-prod",
      "provider": "provider[\"registry.terraform.io/hashicorp/aws\"]",
      "instances": [
        {
          "schema_version": 1,
          "attributes": {
            "ami": "ami-0e66f5495b4efdd0f",
            "arn": "arn:aws:ec2:sa-east-1:785952516872:instance/i-0ddaab77993542e35",
            "associate_public_ip_address": true,
            "availability_zone": "sa-east-1c",
            "capacity_reservation_specification": [
              {
                "capacity_reservation_preference": "open",
                "capacity_reservation_target": []
              }
            ],
            "cpu_core_count": 1,
            "cpu_threads_per_core": 2,
            "credit_specification": [
              {
                "cpu_credits": "unlimited"
              }
            ],
            "disable_api_termination": false,
            "ebs_block_device": [],
            "ebs_optimized": false,
            "enclave_options": [
              {
                "enabled": false
              }
            ],
            "ephemeral_block_device": [],
            "get_password_data": false,
            "hibernation": false,
            "host_id": null,
            "iam_instance_profile": "",
            "id": "i-0ddaab77993542e35",
            "instance_initiated_shutdown_behavior": "stop",
            "instance_state": "running",
            "instance_type": "t3.micro",
            "ipv6_address_count": 0,
            "ipv6_addresses": [],
            "key_name": "testKey",
            "launch_template": [],
            "metadata_options": [
              {
                "http_endpoint": "enabled",
                "http_put_response_hop_limit": 1,
                "http_tokens": "optional"
              }
            ],
            "monitoring": false,
            "network_interface": [],
            "outpost_arn": "",
            "password_data": "",
            "placement_group": "",
            "placement_partition_number": null,
            "primary_network_interface_id": "eni-0be77d099253f2167",
            "private_dns": "ip-10-0-0-91.sa-east-1.compute.internal",
            "private_ip": "10.0.0.91",
            "public_dns": "ec2-18-231-149-93.sa-east-1.compute.amazonaws.com",
            "public_ip": "18.231.149.93",
            "root_block_device": [
              {
                "delete_on_termination": true,
                "device_name": "/dev/sda1",
                "encrypted": false,
                "iops": 100,
                "kms_key_id": "",
                "tags": {},
                "throughput": 0,
                "volume_id": "vol-03911a5ba5975d65c",
                "volume_size": 8,
                "volume_type": "gp2"
              }
            ],
            "secondary_private_ips": [],
            "security_groups": [],
            "source_dest_check": true,
            "subnet_id": "subnet-0684a84bf5ea0a7f5",
            "tags": {
              "Name": "devsClan-backend"
            },
            "tags_all": {
              "Name": "devsClan-backend"
            },
            "tenancy": "default",
            "timeouts": null,
            "user_data": "591d5f05c99bd6c428c08144092afc7c7a837e8a",
            "user_data_base64": null,
            "volume_tags": null,
            "vpc_security_group_ids": [
              "sg-07687555446436db9"
            ]
          },
          "sensitive_attributes": [],
          "private": "eyJlMmJmYjczMC1lY2FhLTExZTYtOGY4OC0zNDM2M2JjN2M0YzAiOnsiY3JlYXRlIjo2MDAwMDAwMDAwMDAsImRlbGV0ZSI6MTIwMDAwMDAwMDAwMCwidXBkYXRlIjo2MDAwMDAwMDAwMDB9LCJzY2hlbWFfdmVyc2lvbiI6IjEifQ==",
          "dependencies": [
            "aws_key_pair.kp",
            "aws_security_group.test-sg",
            "aws_subnet.subnet-back",
            "aws_vpc.vpc",
            "data.template_file.user_data_server",
            "tls_private_key.pk"
          ]
        }
      ]
    },
    {
      "mode": "managed",
      "type": "aws_instance",
      "name": "frontend",
      "provider": "provider[\"registry.terraform.io/hashicorp/aws\"]",
      "instances": [
        {
          "schema_version": 1,
          "attributes": {
            "ami": "ami-0e66f5495b4efdd0f",
            "arn": "arn:aws:ec2:sa-east-1:785952516872:instance/i-093764386a405a58b",
            "associate_public_ip_address": true,
            "availability_zone": "sa-east-1a",
            "capacity_reservation_specification": [
              {
                "capacity_reservation_preference": "open",
                "capacity_reservation_target": []
              }
            ],
            "cpu_core_count": 1,
            "cpu_threads_per_core": 2,
            "credit_specification": [
              {
                "cpu_credits": "standard"
              }
            ],
            "disable_api_termination": false,
            "ebs_block_device": [],
            "ebs_optimized": false,
            "enclave_options": [
              {
                "enabled": false
              }
            ],
            "ephemeral_block_device": [],
            "get_password_data": false,
            "hibernation": false,
            "host_id": null,
            "iam_instance_profile": "",
            "id": "i-093764386a405a58b",
            "instance_initiated_shutdown_behavior": "stop",
            "instance_state": "running",
            "instance_type": "t3.micro",
            "ipv6_address_count": 0,
            "ipv6_addresses": [],
            "key_name": "testKey",
            "launch_template": [],
            "metadata_options": [
              {
                "http_endpoint": "enabled",
                "http_put_response_hop_limit": 1,
                "http_tokens": "optional"
              }
            ],
            "monitoring": false,
            "network_interface": [],
            "outpost_arn": "",
            "password_data": "",
            "placement_group": "",
            "placement_partition_number": null,
            "primary_network_interface_id": "eni-05571101b3f5b5033",
            "private_dns": "ip-10-0-0-31.sa-east-1.compute.internal",
            "private_ip": "10.0.0.31",
            "public_dns": "ec2-18-231-168-228.sa-east-1.compute.amazonaws.com",
            "public_ip": "18.231.168.228",
            "root_block_device": [
              {
                "delete_on_termination": true,
                "device_name": "/dev/sda1",
                "encrypted": false,
                "iops": 100,
                "kms_key_id": "",
                "tags": {},
                "throughput": 0,
                "volume_id": "vol-0440e03eec01e41b7",
                "volume_size": 8,
                "volume_type": "gp2"
              }
            ],
            "secondary_private_ips": [],
            "security_groups": [],
            "source_dest_check": true,
            "subnet_id": "subnet-0d6cbd5aed123dacf",
            "tags": {
              "Name": "TestFront"
            },
            "tags_all": {
              "Name": "TestFront"
            },
            "tenancy": "default",
            "timeouts": null,
            "user_data": null,
            "user_data_base64": null,
            "volume_tags": null,
            "vpc_security_group_ids": [
              "sg-07687555446436db9"
            ]
          },
          "sensitive_attributes": [],
          "private": "eyJlMmJmYjczMC1lY2FhLTExZTYtOGY4OC0zNDM2M2JjN2M0YzAiOnsiY3JlYXRlIjo2MDAwMDAwMDAwMDAsImRlbGV0ZSI6MTIwMDAwMDAwMDAwMCwidXBkYXRlIjo2MDAwMDAwMDAwMDB9LCJzY2hlbWFfdmVyc2lvbiI6IjEifQ==",
          "dependencies": [
            "aws_key_pair.kp",
            "aws_security_group.test-sg",
            "aws_subnet.subnet-front",
            "aws_vpc.vpc",
            "tls_private_key.pk"
          ]
        }
      ]
    },
    {
      "mode": "managed",
      "type": "aws_instance",
      "name": "frontend-prod",
      "provider": "provider[\"registry.terraform.io/hashicorp/aws\"]",
      "instances": [
        {
          "schema_version": 1,
          "attributes": {
            "ami": "ami-0e66f5495b4efdd0f",
            "arn": "arn:aws:ec2:sa-east-1:785952516872:instance/i-034407abb893f9dd7",
            "associate_public_ip_address": true,
            "availability_zone": "sa-east-1a",
            "capacity_reservation_specification": [
              {
                "capacity_reservation_preference": "open",
                "capacity_reservation_target": []
              }
            ],
            "cpu_core_count": 1,
            "cpu_threads_per_core": 1,
            "credit_specification": [
              {
                "cpu_credits": "standard"
              }
            ],
            "disable_api_termination": false,
            "ebs_block_device": [],
            "ebs_optimized": false,
            "enclave_options": [
              {
                "enabled": false
              }
            ],
            "ephemeral_block_device": [],
            "get_password_data": false,
            "hibernation": false,
            "host_id": null,
            "iam_instance_profile": "",
            "id": "i-034407abb893f9dd7",
            "instance_initiated_shutdown_behavior": "stop",
            "instance_state": "running",
            "instance_type": "t2.micro",
            "ipv6_address_count": 0,
            "ipv6_addresses": [],
            "key_name": "testKey",
            "launch_template": [],
            "metadata_options": [
              {
                "http_endpoint": "enabled",
                "http_put_response_hop_limit": 1,
                "http_tokens": "optional"
              }
            ],
            "monitoring": false,
            "network_interface": [],
            "outpost_arn": "",
            "password_data": "",
            "placement_group": "",
            "placement_partition_number": null,
            "primary_network_interface_id": "eni-0f8131d4e18de1090",
            "private_dns": "ip-10-0-0-33.sa-east-1.compute.internal",
            "private_ip": "10.0.0.33",
            "public_dns": "ec2-18-231-176-186.sa-east-1.compute.amazonaws.com",
            "public_ip": "18.231.176.186",
            "root_block_device": [
              {
                "delete_on_termination": true,
                "device_name": "/dev/sda1",
                "encrypted": false,
                "iops": 100,
                "kms_key_id": "",
                "tags": {},
                "throughput": 0,
                "volume_id": "vol-0e962bdf55ee21a6f",
                "volume_size": 8,
                "volume_type": "gp2"
              }
            ],
            "secondary_private_ips": [],
            "security_groups": [],
            "source_dest_check": true,
            "subnet_id": "subnet-0d6cbd5aed123dacf",
            "tags": {
              "Name": "devsClan-frontend"
            },
            "tags_all": {
              "Name": "devsClan-frontend"
            },
            "tenancy": "default",
            "timeouts": null,
            "user_data": "b01b38d3be3ab83fad941dd622e905fbe4902d66",
            "user_data_base64": null,
            "volume_tags": null,
            "vpc_security_group_ids": [
              "sg-07687555446436db9"
            ]
          },
          "sensitive_attributes": [],
          "private": "eyJlMmJmYjczMC1lY2FhLTExZTYtOGY4OC0zNDM2M2JjN2M0YzAiOnsiY3JlYXRlIjo2MDAwMDAwMDAwMDAsImRlbGV0ZSI6MTIwMDAwMDAwMDAwMCwidXBkYXRlIjo2MDAwMDAwMDAwMDB9LCJzY2hlbWFfdmVyc2lvbiI6IjEifQ==",
          "dependencies": [
            "aws_key_pair.kp",
            "aws_security_group.test-sg",
            "aws_subnet.subnet-front",
            "aws_vpc.vpc",
            "data.template_file.user_data_client",
            "tls_private_key.pk"
          ]
        }
      ]
    },
    {
      "mode": "managed",
      "type": "aws_internet_gateway",
      "name": "test-igw",
      "provider": "provider[\"registry.terraform.io/hashicorp/aws\"]",
      "instances": [
        {
          "schema_version": 0,
          "attributes": {
            "arn": "arn:aws:ec2:sa-east-1:785952516872:internet-gateway/igw-020798e9f7c0900e0",
            "id": "igw-020798e9f7c0900e0",
            "owner_id": "785952516872",
            "tags": {
              "Name": "test-igw"
            },
            "tags_all": {
              "Name": "test-igw"
            },
            "vpc_id": "vpc-0fae51a731cf49231"
          },
          "sensitive_attributes": [],
          "private": "bnVsbA==",
          "dependencies": [
            "aws_vpc.vpc"
          ]
        }
      ]
    },
    {
      "mode": "managed",
      "type": "aws_key_pair",
      "name": "kp",
      "provider": "provider[\"registry.terraform.io/hashicorp/aws\"]",
      "instances": [
        {
          "schema_version": 1,
          "attributes": {
            "arn": "arn:aws:ec2:sa-east-1:785952516872:key-pair/testKey",
            "fingerprint": "5c:99:2b:4c:50:1e:29:d8:e5:a6:9f:b6:9d:ef:a8:4f",
            "id": "testKey",
            "key_name": "testKey",
            "key_name_prefix": null,
            "key_pair_id": "key-0e1989cc6e1c4e8ab",
            "public_key": "ssh-rsa AAAAB3NzaC1yc2EAAAADAQABAAACAQC+/tkG+gSowhC4F2IHnXG/NQcZ68ihUQeXi4AZssFa2d1uTcpYX01qA5ES/7Ljz40nTw3saHDIh2NG0XVDvzZpm7/+EZP4qctRjvlFxIwF7W4csGJEcFik9jSIrUjWkIUSgiD02QrFwiozjsU3/lTKBaQzBtATmJJdKO0PifdXccCSzILw0Uh3ZPBnJw5LO8TIIY3f42l1RhlZAOwNaH6mCcqZWOt1pHAgrUL/zwsldGVk9jVy08AZXphAq+PZxi0XCVPyMHmBl9BCcPkkYB0BfeWCCDNybKkttHf847uiEGQtL1wu72zGdqW0C+SOWlYXcj0Efk2cUqboNXaaqidLTAjXFRrVc7H0obrqFTwKo/+M0mIDy/OMacmhlW+cHlayJtQQz4civ5Jq6zzPEH+FlMj6oOGu5yN+5yZ8JsEgWfG3jPo0uuRgKG2rIAIkJuz0z6gxF2H/5jd0vfhsyw4TWIFhhQ9Y3qe0Z1qKsjfTLvAKZ6rbJ9CWezacdt/gdiTq0EB7ZqUNov/UWc/eRejWYyawafTilX8u8VvBoQSBJFotjlEhwWoXaZW/vs0YmxUgeJ+CQBPtQWYyuu9NB/lWIDgyeZsXI+Yv+HnTRJpZO4j31bji1FjR2mWvdJ5yV4+w6/s5y6wLYqNDEAp6/DL+HqL2H1ElMizyro5YYubvsw==",
            "tags": {},
            "tags_all": {}
          },
          "sensitive_attributes": [],
          "private": "eyJzY2hlbWFfdmVyc2lvbiI6IjEifQ==",
          "dependencies": [
            "tls_private_key.pk"
          ]
        }
      ]
    },
    {
      "mode": "managed",
      "type": "aws_route_table",
      "name": "test-public-crt",
      "provider": "provider[\"registry.terraform.io/hashicorp/aws\"]",
      "instances": [
        {
          "schema_version": 0,
          "attributes": {
            "arn": "arn:aws:ec2:sa-east-1:785952516872:route-table/rtb-08a7055b2a2db0cc0",
            "id": "rtb-08a7055b2a2db0cc0",
            "owner_id": "785952516872",
            "propagating_vgws": [],
            "route": [
              {
                "carrier_gateway_id": "",
                "cidr_block": "0.0.0.0/0",
                "destination_prefix_list_id": "",
                "egress_only_gateway_id": "",
                "gateway_id": "igw-020798e9f7c0900e0",
                "instance_id": "",
                "ipv6_cidr_block": "",
                "local_gateway_id": "",
                "nat_gateway_id": "",
                "network_interface_id": "",
                "transit_gateway_id": "",
                "vpc_endpoint_id": "",
                "vpc_peering_connection_id": ""
              }
            ],
            "tags": {
              "Name": "test-public-crt"
            },
            "tags_all": {
              "Name": "test-public-crt"
            },
            "timeouts": null,
            "vpc_id": "vpc-0fae51a731cf49231"
          },
          "sensitive_attributes": [],
          "private": "eyJlMmJmYjczMC1lY2FhLTExZTYtOGY4OC0zNDM2M2JjN2M0YzAiOnsiY3JlYXRlIjoxMjAwMDAwMDAwMDAsImRlbGV0ZSI6MzAwMDAwMDAwMDAwLCJ1cGRhdGUiOjEyMDAwMDAwMDAwMH19",
          "dependencies": [
            "aws_internet_gateway.test-igw",
            "aws_vpc.vpc"
          ]
        }
      ]
    },
    {
      "mode": "managed",
      "type": "aws_route_table_association",
      "name": "test-crta-public-subnet-back",
      "provider": "provider[\"registry.terraform.io/hashicorp/aws\"]",
      "instances": [
        {
          "schema_version": 0,
          "attributes": {
            "gateway_id": "",
            "id": "rtbassoc-0e4f1b9e37fb36d0b",
            "route_table_id": "rtb-08a7055b2a2db0cc0",
            "subnet_id": "subnet-0684a84bf5ea0a7f5"
          },
          "sensitive_attributes": [],
          "private": "bnVsbA==",
          "dependencies": [
            "aws_route_table.test-public-crt",
            "aws_subnet.subnet-back",
            "aws_vpc.vpc",
            "aws_internet_gateway.test-igw"
          ]
        }
      ]
    },
    {
      "mode": "managed",
      "type": "aws_route_table_association",
      "name": "test-crta-public-subnet-front",
      "provider": "provider[\"registry.terraform.io/hashicorp/aws\"]",
      "instances": [
        {
          "schema_version": 0,
          "attributes": {
            "gateway_id": "",
            "id": "rtbassoc-06fab813266df9c5e",
            "route_table_id": "rtb-08a7055b2a2db0cc0",
            "subnet_id": "subnet-0d6cbd5aed123dacf"
          },
          "sensitive_attributes": [],
          "private": "bnVsbA==",
          "dependencies": [
            "aws_internet_gateway.test-igw",
            "aws_route_table.test-public-crt",
            "aws_subnet.subnet-front",
            "aws_vpc.vpc"
          ]
        }
      ]
    },
    {
      "mode": "managed",
      "type": "aws_s3_bucket",
      "name": "devsclan-test-s3",
      "provider": "provider[\"registry.terraform.io/hashicorp/aws\"]",
      "instances": [
        {
          "schema_version": 0,
          "attributes": {
            "acceleration_status": "",
            "acl": "private",
            "arn": "arn:aws:s3:::devsclan-test-s3",
            "bucket": "devsclan-test-s3",
            "bucket_domain_name": "devsclan-test-s3.s3.amazonaws.com",
            "bucket_prefix": null,
            "bucket_regional_domain_name": "devsclan-test-s3.s3.sa-east-1.amazonaws.com",
            "cors_rule": [],
            "force_destroy": false,
            "grant": [],
            "hosted_zone_id": "Z7KQH4QJS55SO",
            "id": "devsclan-test-s3",
            "lifecycle_rule": [],
            "logging": [],
            "object_lock_configuration": [],
            "policy": null,
            "region": "sa-east-1",
            "replication_configuration": [],
            "request_payer": "BucketOwner",
            "server_side_encryption_configuration": [],
            "tags": {},
            "tags_all": {},
            "versioning": [
              {
                "enabled": true,
                "mfa_delete": false
              }
            ],
            "website": [],
            "website_domain": null,
            "website_endpoint": null
          },
          "sensitive_attributes": [],
          "private": "bnVsbA=="
        }
      ]
    },
    {
      "mode": "managed",
      "type": "aws_s3_bucket_object",
      "name": "object",
      "provider": "provider[\"registry.terraform.io/hashicorp/aws\"]",
      "instances": [
        {
          "index_key": "Camp1/C1.jpg",
          "schema_version": 0,
          "attributes": {
            "acl": "public-read",
            "bucket": "devsclan-test-s3",
            "bucket_key_enabled": false,
            "cache_control": "",
            "content": null,
            "content_base64": null,
            "content_disposition": "",
            "content_encoding": "",
            "content_language": "",
            "content_type": "binary/octet-stream",
            "etag": "ba29a706fbb7dddd6efc68a57706186d",
            "force_destroy": false,
            "id": "Camp1/C1.jpg",
            "key": "Camp1/C1.jpg",
            "kms_key_id": null,
            "metadata": {},
            "object_lock_legal_hold_status": "",
            "object_lock_mode": "",
            "object_lock_retain_until_date": "",
            "server_side_encryption": "",
            "source": "s3/Assets/Camp1/C1.jpg",
            "source_hash": null,
            "storage_class": "STANDARD",
            "tags": {},
            "tags_all": {},
            "version_id": "null",
            "website_redirect": ""
          },
          "sensitive_attributes": [],
          "private": "bnVsbA==",
          "dependencies": [
            "aws_s3_bucket.devsclan-test-s3"
          ]
        },
        {
          "index_key": "Camp1/C10.jpg",
          "schema_version": 0,
          "attributes": {
            "acl": "public-read",
            "bucket": "devsclan-test-s3",
            "bucket_key_enabled": false,
            "cache_control": "",
            "content": null,
            "content_base64": null,
            "content_disposition": "",
            "content_encoding": "",
            "content_language": "",
            "content_type": "binary/octet-stream",
            "etag": "f3e461520dcfac5eb6cc1f6c76e867be",
            "force_destroy": false,
            "id": "Camp1/C10.jpg",
            "key": "Camp1/C10.jpg",
            "kms_key_id": null,
            "metadata": {},
            "object_lock_legal_hold_status": "",
            "object_lock_mode": "",
            "object_lock_retain_until_date": "",
            "server_side_encryption": "",
            "source": "s3/Assets/Camp1/C10.jpg",
            "source_hash": null,
            "storage_class": "STANDARD",
            "tags": {},
            "tags_all": {},
            "version_id": "null",
            "website_redirect": ""
          },
          "sensitive_attributes": [],
          "private": "bnVsbA==",
          "dependencies": [
            "aws_s3_bucket.devsclan-test-s3"
          ]
        },
        {
          "index_key": "Camp1/C2.jpg",
          "schema_version": 0,
          "attributes": {
            "acl": "public-read",
            "bucket": "devsclan-test-s3",
            "bucket_key_enabled": false,
            "cache_control": "",
            "content": null,
            "content_base64": null,
            "content_disposition": "",
            "content_encoding": "",
            "content_language": "",
            "content_type": "binary/octet-stream",
            "etag": "dd57c1ce5e78d7bb050ae0efe043da4a",
            "force_destroy": false,
            "id": "Camp1/C2.jpg",
            "key": "Camp1/C2.jpg",
            "kms_key_id": null,
            "metadata": {},
            "object_lock_legal_hold_status": "",
            "object_lock_mode": "",
            "object_lock_retain_until_date": "",
            "server_side_encryption": "",
            "source": "s3/Assets/Camp1/C2.jpg",
            "source_hash": null,
            "storage_class": "STANDARD",
            "tags": {},
            "tags_all": {},
            "version_id": "null",
            "website_redirect": ""
          },
          "sensitive_attributes": [],
          "private": "bnVsbA==",
          "dependencies": [
            "aws_s3_bucket.devsclan-test-s3"
          ]
        },
        {
          "index_key": "Camp1/C3.jpg",
          "schema_version": 0,
          "attributes": {
            "acl": "public-read",
            "bucket": "devsclan-test-s3",
            "bucket_key_enabled": false,
            "cache_control": "",
            "content": null,
            "content_base64": null,
            "content_disposition": "",
            "content_encoding": "",
            "content_language": "",
            "content_type": "binary/octet-stream",
            "etag": "1d511035cf8b40fc82b72daac3c21577",
            "force_destroy": false,
            "id": "Camp1/C3.jpg",
            "key": "Camp1/C3.jpg",
            "kms_key_id": null,
            "metadata": {},
            "object_lock_legal_hold_status": "",
            "object_lock_mode": "",
            "object_lock_retain_until_date": "",
            "server_side_encryption": "",
            "source": "s3/Assets/Camp1/C3.jpg",
            "source_hash": null,
            "storage_class": "STANDARD",
            "tags": {},
            "tags_all": {},
            "version_id": "null",
            "website_redirect": ""
          },
          "sensitive_attributes": [],
          "private": "bnVsbA==",
          "dependencies": [
            "aws_s3_bucket.devsclan-test-s3"
          ]
        },
        {
          "index_key": "Camp1/C4.jpg",
          "schema_version": 0,
          "attributes": {
            "acl": "public-read",
            "bucket": "devsclan-test-s3",
            "bucket_key_enabled": false,
            "cache_control": "",
            "content": null,
            "content_base64": null,
            "content_disposition": "",
            "content_encoding": "",
            "content_language": "",
            "content_type": "binary/octet-stream",
            "etag": "f8e8f9c9ff5fdee926a794926fbf332a",
            "force_destroy": false,
            "id": "Camp1/C4.jpg",
            "key": "Camp1/C4.jpg",
            "kms_key_id": null,
            "metadata": {},
            "object_lock_legal_hold_status": "",
            "object_lock_mode": "",
            "object_lock_retain_until_date": "",
            "server_side_encryption": "",
            "source": "s3/Assets/Camp1/C4.jpg",
            "source_hash": null,
            "storage_class": "STANDARD",
            "tags": {},
            "tags_all": {},
            "version_id": "null",
            "website_redirect": ""
          },
          "sensitive_attributes": [],
          "private": "bnVsbA==",
          "dependencies": [
            "aws_s3_bucket.devsclan-test-s3"
          ]
        },
        {
          "index_key": "Camp1/C5.jpg",
          "schema_version": 0,
          "attributes": {
            "acl": "public-read",
            "bucket": "devsclan-test-s3",
            "bucket_key_enabled": false,
            "cache_control": "",
            "content": null,
            "content_base64": null,
            "content_disposition": "",
            "content_encoding": "",
            "content_language": "",
            "content_type": "binary/octet-stream",
            "etag": "96e8f0d8ced569f70b81f7f2ef2895d6",
            "force_destroy": false,
            "id": "Camp1/C5.jpg",
            "key": "Camp1/C5.jpg",
            "kms_key_id": null,
            "metadata": {},
            "object_lock_legal_hold_status": "",
            "object_lock_mode": "",
            "object_lock_retain_until_date": "",
            "server_side_encryption": "",
            "source": "s3/Assets/Camp1/C5.jpg",
            "source_hash": null,
            "storage_class": "STANDARD",
            "tags": {},
            "tags_all": {},
            "version_id": "null",
            "website_redirect": ""
          },
          "sensitive_attributes": [],
          "private": "bnVsbA==",
          "dependencies": [
            "aws_s3_bucket.devsclan-test-s3"
          ]
        },
        {
          "index_key": "Camp1/C6.jpg",
          "schema_version": 0,
          "attributes": {
            "acl": "public-read",
            "bucket": "devsclan-test-s3",
            "bucket_key_enabled": false,
            "cache_control": "",
            "content": null,
            "content_base64": null,
            "content_disposition": "",
            "content_encoding": "",
            "content_language": "",
            "content_type": "binary/octet-stream",
            "etag": "4271f7f917012641aeb72c89c3f9e220",
            "force_destroy": false,
            "id": "Camp1/C6.jpg",
            "key": "Camp1/C6.jpg",
            "kms_key_id": null,
            "metadata": {},
            "object_lock_legal_hold_status": "",
            "object_lock_mode": "",
            "object_lock_retain_until_date": "",
            "server_side_encryption": "",
            "source": "s3/Assets/Camp1/C6.jpg",
            "source_hash": null,
            "storage_class": "STANDARD",
            "tags": {},
            "tags_all": {},
            "version_id": "null",
            "website_redirect": ""
          },
          "sensitive_attributes": [],
          "private": "bnVsbA==",
          "dependencies": [
            "aws_s3_bucket.devsclan-test-s3"
          ]
        },
        {
          "index_key": "Camp1/C7.jpg",
          "schema_version": 0,
          "attributes": {
            "acl": "public-read",
            "bucket": "devsclan-test-s3",
            "bucket_key_enabled": false,
            "cache_control": "",
            "content": null,
            "content_base64": null,
            "content_disposition": "",
            "content_encoding": "",
            "content_language": "",
            "content_type": "binary/octet-stream",
            "etag": "49adb09fa7c503fe2fb1c5a9a4091cc4",
            "force_destroy": false,
            "id": "Camp1/C7.jpg",
            "key": "Camp1/C7.jpg",
            "kms_key_id": null,
            "metadata": {},
            "object_lock_legal_hold_status": "",
            "object_lock_mode": "",
            "object_lock_retain_until_date": "",
            "server_side_encryption": "",
            "source": "s3/Assets/Camp1/C7.jpg",
            "source_hash": null,
            "storage_class": "STANDARD",
            "tags": {},
            "tags_all": {},
            "version_id": "null",
            "website_redirect": ""
          },
          "sensitive_attributes": [],
          "private": "bnVsbA==",
          "dependencies": [
            "aws_s3_bucket.devsclan-test-s3"
          ]
        },
        {
          "index_key": "Camp1/C8.jpg",
          "schema_version": 0,
          "attributes": {
            "acl": "public-read",
            "bucket": "devsclan-test-s3",
            "bucket_key_enabled": false,
            "cache_control": "",
            "content": null,
            "content_base64": null,
            "content_disposition": "",
            "content_encoding": "",
            "content_language": "",
            "content_type": "binary/octet-stream",
            "etag": "fb7f457b2b8ffc1b631915887c59e4f4",
            "force_destroy": false,
            "id": "Camp1/C8.jpg",
            "key": "Camp1/C8.jpg",
            "kms_key_id": null,
            "metadata": {},
            "object_lock_legal_hold_status": "",
            "object_lock_mode": "",
            "object_lock_retain_until_date": "",
            "server_side_encryption": "",
            "source": "s3/Assets/Camp1/C8.jpg",
            "source_hash": null,
            "storage_class": "STANDARD",
            "tags": {},
            "tags_all": {},
            "version_id": "null",
            "website_redirect": ""
          },
          "sensitive_attributes": [],
          "private": "bnVsbA==",
          "dependencies": [
            "aws_s3_bucket.devsclan-test-s3"
          ]
        },
        {
          "index_key": "Camp1/C9.jpg",
          "schema_version": 0,
          "attributes": {
            "acl": "public-read",
            "bucket": "devsclan-test-s3",
            "bucket_key_enabled": false,
            "cache_control": "",
            "content": null,
            "content_base64": null,
            "content_disposition": "",
            "content_encoding": "",
            "content_language": "",
            "content_type": "binary/octet-stream",
            "etag": "bb22166db81d1865a79ff3af14eb69e7",
            "force_destroy": false,
            "id": "Camp1/C9.jpg",
            "key": "Camp1/C9.jpg",
            "kms_key_id": null,
            "metadata": {},
            "object_lock_legal_hold_status": "",
            "object_lock_mode": "",
            "object_lock_retain_until_date": "",
            "server_side_encryption": "",
            "source": "s3/Assets/Camp1/C9.jpg",
            "source_hash": null,
            "storage_class": "STANDARD",
            "tags": {},
            "tags_all": {},
            "version_id": "null",
            "website_redirect": ""
          },
          "sensitive_attributes": [],
          "private": "bnVsbA==",
          "dependencies": [
            "aws_s3_bucket.devsclan-test-s3"
          ]
        },
        {
          "index_key": "Camp2/C1.jpg",
          "schema_version": 0,
          "attributes": {
            "acl": "public-read",
            "bucket": "devsclan-test-s3",
            "bucket_key_enabled": false,
            "cache_control": "",
            "content": null,
            "content_base64": null,
            "content_disposition": "",
            "content_encoding": "",
            "content_language": "",
            "content_type": "binary/octet-stream",
            "etag": "1ca4c4408c1beeaa940767a46e4d8359",
            "force_destroy": false,
            "id": "Camp2/C1.jpg",
            "key": "Camp2/C1.jpg",
            "kms_key_id": null,
            "metadata": {},
            "object_lock_legal_hold_status": "",
            "object_lock_mode": "",
            "object_lock_retain_until_date": "",
            "server_side_encryption": "",
            "source": "s3/Assets/Camp2/C1.jpg",
            "source_hash": null,
            "storage_class": "STANDARD",
            "tags": {},
            "tags_all": {},
            "version_id": "null",
            "website_redirect": ""
          },
          "sensitive_attributes": [],
          "private": "bnVsbA==",
          "dependencies": [
            "aws_s3_bucket.devsclan-test-s3"
          ]
        },
        {
          "index_key": "Camp2/C10.jpg",
          "schema_version": 0,
          "attributes": {
            "acl": "public-read",
            "bucket": "devsclan-test-s3",
            "bucket_key_enabled": false,
            "cache_control": "",
            "content": null,
            "content_base64": null,
            "content_disposition": "",
            "content_encoding": "",
            "content_language": "",
            "content_type": "binary/octet-stream",
            "etag": "163569988ecf1aec461f06c9c4d01000",
            "force_destroy": false,
            "id": "Camp2/C10.jpg",
            "key": "Camp2/C10.jpg",
            "kms_key_id": null,
            "metadata": {},
            "object_lock_legal_hold_status": "",
            "object_lock_mode": "",
            "object_lock_retain_until_date": "",
            "server_side_encryption": "",
            "source": "s3/Assets/Camp2/C10.jpg",
            "source_hash": null,
            "storage_class": "STANDARD",
            "tags": {},
            "tags_all": {},
            "version_id": "null",
            "website_redirect": ""
          },
          "sensitive_attributes": [],
          "private": "bnVsbA==",
          "dependencies": [
            "aws_s3_bucket.devsclan-test-s3"
          ]
        },
        {
          "index_key": "Camp2/C11.jpg",
          "schema_version": 0,
          "attributes": {
            "acl": "public-read",
            "bucket": "devsclan-test-s3",
            "bucket_key_enabled": false,
            "cache_control": "",
            "content": null,
            "content_base64": null,
            "content_disposition": "",
            "content_encoding": "",
            "content_language": "",
            "content_type": "binary/octet-stream",
            "etag": "ad5abdd208052169d8b36fe6bac97297",
            "force_destroy": false,
            "id": "Camp2/C11.jpg",
            "key": "Camp2/C11.jpg",
            "kms_key_id": null,
            "metadata": {},
            "object_lock_legal_hold_status": "",
            "object_lock_mode": "",
            "object_lock_retain_until_date": "",
            "server_side_encryption": "",
            "source": "s3/Assets/Camp2/C11.jpg",
            "source_hash": null,
            "storage_class": "STANDARD",
            "tags": {},
            "tags_all": {},
            "version_id": "null",
            "website_redirect": ""
          },
          "sensitive_attributes": [],
          "private": "bnVsbA==",
          "dependencies": [
            "aws_s3_bucket.devsclan-test-s3"
          ]
        },
        {
          "index_key": "Camp2/C2.jpg",
          "schema_version": 0,
          "attributes": {
            "acl": "public-read",
            "bucket": "devsclan-test-s3",
            "bucket_key_enabled": false,
            "cache_control": "",
            "content": null,
            "content_base64": null,
            "content_disposition": "",
            "content_encoding": "",
            "content_language": "",
            "content_type": "binary/octet-stream",
            "etag": "d50ff2e4c09f8a9962de1a8c0e141286",
            "force_destroy": false,
            "id": "Camp2/C2.jpg",
            "key": "Camp2/C2.jpg",
            "kms_key_id": null,
            "metadata": {},
            "object_lock_legal_hold_status": "",
            "object_lock_mode": "",
            "object_lock_retain_until_date": "",
            "server_side_encryption": "",
            "source": "s3/Assets/Camp2/C2.jpg",
            "source_hash": null,
            "storage_class": "STANDARD",
            "tags": {},
            "tags_all": {},
            "version_id": "null",
            "website_redirect": ""
          },
          "sensitive_attributes": [],
          "private": "bnVsbA==",
          "dependencies": [
            "aws_s3_bucket.devsclan-test-s3"
          ]
        },
        {
          "index_key": "Camp2/C3.jpg",
          "schema_version": 0,
          "attributes": {
            "acl": "public-read",
            "bucket": "devsclan-test-s3",
            "bucket_key_enabled": false,
            "cache_control": "",
            "content": null,
            "content_base64": null,
            "content_disposition": "",
            "content_encoding": "",
            "content_language": "",
            "content_type": "binary/octet-stream",
            "etag": "d0a26714d8ec0827723b1b90bc1b8d9f",
            "force_destroy": false,
            "id": "Camp2/C3.jpg",
            "key": "Camp2/C3.jpg",
            "kms_key_id": null,
            "metadata": {},
            "object_lock_legal_hold_status": "",
            "object_lock_mode": "",
            "object_lock_retain_until_date": "",
            "server_side_encryption": "",
            "source": "s3/Assets/Camp2/C3.jpg",
            "source_hash": null,
            "storage_class": "STANDARD",
            "tags": {},
            "tags_all": {},
            "version_id": "null",
            "website_redirect": ""
          },
          "sensitive_attributes": [],
          "private": "bnVsbA==",
          "dependencies": [
            "aws_s3_bucket.devsclan-test-s3"
          ]
        },
        {
          "index_key": "Camp2/C4.jpg",
          "schema_version": 0,
          "attributes": {
            "acl": "public-read",
            "bucket": "devsclan-test-s3",
            "bucket_key_enabled": false,
            "cache_control": "",
            "content": null,
            "content_base64": null,
            "content_disposition": "",
            "content_encoding": "",
            "content_language": "",
            "content_type": "binary/octet-stream",
            "etag": "fdac97025309c53506836cac13c4f12c",
            "force_destroy": false,
            "id": "Camp2/C4.jpg",
            "key": "Camp2/C4.jpg",
            "kms_key_id": null,
            "metadata": {},
            "object_lock_legal_hold_status": "",
            "object_lock_mode": "",
            "object_lock_retain_until_date": "",
            "server_side_encryption": "",
            "source": "s3/Assets/Camp2/C4.jpg",
            "source_hash": null,
            "storage_class": "STANDARD",
            "tags": {},
            "tags_all": {},
            "version_id": "null",
            "website_redirect": ""
          },
          "sensitive_attributes": [],
          "private": "bnVsbA==",
          "dependencies": [
            "aws_s3_bucket.devsclan-test-s3"
          ]
        },
        {
          "index_key": "Camp2/C5.jpg",
          "schema_version": 0,
          "attributes": {
            "acl": "public-read",
            "bucket": "devsclan-test-s3",
            "bucket_key_enabled": false,
            "cache_control": "",
            "content": null,
            "content_base64": null,
            "content_disposition": "",
            "content_encoding": "",
            "content_language": "",
            "content_type": "binary/octet-stream",
            "etag": "d4383115d68d29330af40bc0aa0fa6d9",
            "force_destroy": false,
            "id": "Camp2/C5.jpg",
            "key": "Camp2/C5.jpg",
            "kms_key_id": null,
            "metadata": {},
            "object_lock_legal_hold_status": "",
            "object_lock_mode": "",
            "object_lock_retain_until_date": "",
            "server_side_encryption": "",
            "source": "s3/Assets/Camp2/C5.jpg",
            "source_hash": null,
            "storage_class": "STANDARD",
            "tags": {},
            "tags_all": {},
            "version_id": "null",
            "website_redirect": ""
          },
          "sensitive_attributes": [],
          "private": "bnVsbA==",
          "dependencies": [
            "aws_s3_bucket.devsclan-test-s3"
          ]
        },
        {
          "index_key": "Camp2/C6.jpg",
          "schema_version": 0,
          "attributes": {
            "acl": "public-read",
            "bucket": "devsclan-test-s3",
            "bucket_key_enabled": false,
            "cache_control": "",
            "content": null,
            "content_base64": null,
            "content_disposition": "",
            "content_encoding": "",
            "content_language": "",
            "content_type": "binary/octet-stream",
            "etag": "7455931f105b36310e3a845e210f917d",
            "force_destroy": false,
            "id": "Camp2/C6.jpg",
            "key": "Camp2/C6.jpg",
            "kms_key_id": null,
            "metadata": {},
            "object_lock_legal_hold_status": "",
            "object_lock_mode": "",
            "object_lock_retain_until_date": "",
            "server_side_encryption": "",
            "source": "s3/Assets/Camp2/C6.jpg",
            "source_hash": null,
            "storage_class": "STANDARD",
            "tags": {},
            "tags_all": {},
            "version_id": "null",
            "website_redirect": ""
          },
          "sensitive_attributes": [],
          "private": "bnVsbA==",
          "dependencies": [
            "aws_s3_bucket.devsclan-test-s3"
          ]
        },
        {
          "index_key": "Camp2/C7.jpg",
          "schema_version": 0,
          "attributes": {
            "acl": "public-read",
            "bucket": "devsclan-test-s3",
            "bucket_key_enabled": false,
            "cache_control": "",
            "content": null,
            "content_base64": null,
            "content_disposition": "",
            "content_encoding": "",
            "content_language": "",
            "content_type": "binary/octet-stream",
            "etag": "cdf4972920e3cdb84837bc75ee8da619",
            "force_destroy": false,
            "id": "Camp2/C7.jpg",
            "key": "Camp2/C7.jpg",
            "kms_key_id": null,
            "metadata": {},
            "object_lock_legal_hold_status": "",
            "object_lock_mode": "",
            "object_lock_retain_until_date": "",
            "server_side_encryption": "",
            "source": "s3/Assets/Camp2/C7.jpg",
            "source_hash": null,
            "storage_class": "STANDARD",
            "tags": {},
            "tags_all": {},
            "version_id": "null",
            "website_redirect": ""
          },
          "sensitive_attributes": [],
          "private": "bnVsbA==",
          "dependencies": [
            "aws_s3_bucket.devsclan-test-s3"
          ]
        },
        {
          "index_key": "Camp2/C8.jpg",
          "schema_version": 0,
          "attributes": {
            "acl": "public-read",
            "bucket": "devsclan-test-s3",
            "bucket_key_enabled": false,
            "cache_control": "",
            "content": null,
            "content_base64": null,
            "content_disposition": "",
            "content_encoding": "",
            "content_language": "",
            "content_type": "binary/octet-stream",
            "etag": "0310689243fc587ed02ec15643debfa2",
            "force_destroy": false,
            "id": "Camp2/C8.jpg",
            "key": "Camp2/C8.jpg",
            "kms_key_id": null,
            "metadata": {},
            "object_lock_legal_hold_status": "",
            "object_lock_mode": "",
            "object_lock_retain_until_date": "",
            "server_side_encryption": "",
            "source": "s3/Assets/Camp2/C8.jpg",
            "source_hash": null,
            "storage_class": "STANDARD",
            "tags": {},
            "tags_all": {},
            "version_id": "null",
            "website_redirect": ""
          },
          "sensitive_attributes": [],
          "private": "bnVsbA==",
          "dependencies": [
            "aws_s3_bucket.devsclan-test-s3"
          ]
        },
        {
          "index_key": "Camp2/C9.jpg",
          "schema_version": 0,
          "attributes": {
            "acl": "public-read",
            "bucket": "devsclan-test-s3",
            "bucket_key_enabled": false,
            "cache_control": "",
            "content": null,
            "content_base64": null,
            "content_disposition": "",
            "content_encoding": "",
            "content_language": "",
            "content_type": "binary/octet-stream",
            "etag": "b79db640bdc4d43961dd804a136a9c91",
            "force_destroy": false,
            "id": "Camp2/C9.jpg",
            "key": "Camp2/C9.jpg",
            "kms_key_id": null,
            "metadata": {},
            "object_lock_legal_hold_status": "",
            "object_lock_mode": "",
            "object_lock_retain_until_date": "",
            "server_side_encryption": "",
            "source": "s3/Assets/Camp2/C9.jpg",
            "source_hash": null,
            "storage_class": "STANDARD",
            "tags": {},
            "tags_all": {},
            "version_id": "null",
            "website_redirect": ""
          },
          "sensitive_attributes": [],
          "private": "bnVsbA==",
          "dependencies": [
            "aws_s3_bucket.devsclan-test-s3"
          ]
        },
        {
          "index_key": "Categories/casa.jpg",
          "schema_version": 0,
          "attributes": {
            "acl": "public-read",
            "bucket": "devsclan-test-s3",
            "bucket_key_enabled": false,
            "cache_control": "",
            "content": null,
            "content_base64": null,
            "content_disposition": "",
            "content_encoding": "",
            "content_language": "",
            "content_type": "binary/octet-stream",
            "etag": "3241936651865fca776f16f80d55b0f5",
            "force_destroy": false,
            "id": "Categories/casa.jpg",
            "key": "Categories/casa.jpg",
            "kms_key_id": null,
            "metadata": {},
            "object_lock_legal_hold_status": "",
            "object_lock_mode": "",
            "object_lock_retain_until_date": "",
            "server_side_encryption": "",
            "source": "s3/Assets/Categories/casa.jpg",
            "source_hash": null,
            "storage_class": "STANDARD",
            "tags": {},
            "tags_all": {},
            "version_id": "null",
            "website_redirect": ""
          },
          "sensitive_attributes": [],
          "private": "bnVsbA==",
          "dependencies": [
            "aws_s3_bucket.devsclan-test-s3"
          ]
        },
        {
          "index_key": "Categories/departamento.png",
          "schema_version": 0,
          "attributes": {
            "acl": "public-read",
            "bucket": "devsclan-test-s3",
            "bucket_key_enabled": false,
            "cache_control": "",
            "content": null,
            "content_base64": null,
            "content_disposition": "",
            "content_encoding": "",
            "content_language": "",
            "content_type": "binary/octet-stream",
            "etag": "ee60c4dacfc972067f68d69121f35a74",
            "force_destroy": false,
            "id": "Categories/departamento.png",
            "key": "Categories/departamento.png",
            "kms_key_id": null,
            "metadata": {},
            "object_lock_legal_hold_status": "",
            "object_lock_mode": "",
            "object_lock_retain_until_date": "",
            "server_side_encryption": "",
            "source": "s3/Assets/Categories/departamento.png",
            "source_hash": null,
            "storage_class": "STANDARD",
            "tags": {},
            "tags_all": {},
            "version_id": "null",
            "website_redirect": ""
          },
          "sensitive_attributes": [],
          "private": "bnVsbA==",
          "dependencies": [
            "aws_s3_bucket.devsclan-test-s3"
          ]
        },
        {
          "index_key": "Categories/hotel.jpg",
          "schema_version": 0,
          "attributes": {
            "acl": "public-read",
            "bucket": "devsclan-test-s3",
            "bucket_key_enabled": false,
            "cache_control": "",
            "content": null,
            "content_base64": null,
            "content_disposition": "",
            "content_encoding": "",
            "content_language": "",
            "content_type": "binary/octet-stream",
            "etag": "4ea47d6cc7c4dffb96c225165b79294c",
            "force_destroy": false,
            "id": "Categories/hotel.jpg",
            "key": "Categories/hotel.jpg",
            "kms_key_id": null,
            "metadata": {},
            "object_lock_legal_hold_status": "",
            "object_lock_mode": "",
            "object_lock_retain_until_date": "",
            "server_side_encryption": "",
            "source": "s3/Assets/Categories/hotel.jpg",
            "source_hash": null,
            "storage_class": "STANDARD",
            "tags": {},
            "tags_all": {},
            "version_id": "null",
            "website_redirect": ""
          },
          "sensitive_attributes": [],
          "private": "bnVsbA==",
          "dependencies": [
            "aws_s3_bucket.devsclan-test-s3"
          ]
        },
        {
          "index_key": "Categories/quinta.jpg",
          "schema_version": 0,
          "attributes": {
            "acl": "public-read",
            "bucket": "devsclan-test-s3",
            "bucket_key_enabled": false,
            "cache_control": "",
            "content": null,
            "content_base64": null,
            "content_disposition": "",
            "content_encoding": "",
            "content_language": "",
            "content_type": "binary/octet-stream",
            "etag": "e365afd9b02b538a9c491ebe25121209",
            "force_destroy": false,
            "id": "Categories/quinta.jpg",
            "key": "Categories/quinta.jpg",
            "kms_key_id": null,
            "metadata": {},
            "object_lock_legal_hold_status": "",
            "object_lock_mode": "",
            "object_lock_retain_until_date": "",
            "server_side_encryption": "",
            "source": "s3/Assets/Categories/quinta.jpg",
            "source_hash": null,
            "storage_class": "STANDARD",
            "tags": {},
            "tags_all": {},
            "version_id": "null",
            "website_redirect": ""
          },
          "sensitive_attributes": [],
          "private": "bnVsbA==",
          "dependencies": [
            "aws_s3_bucket.devsclan-test-s3"
          ]
        },
        {
          "index_key": "Flat1/F1.jpg",
          "schema_version": 0,
          "attributes": {
            "acl": "public-read",
            "bucket": "devsclan-test-s3",
            "bucket_key_enabled": false,
            "cache_control": "",
            "content": null,
            "content_base64": null,
            "content_disposition": "",
            "content_encoding": "",
            "content_language": "",
            "content_type": "binary/octet-stream",
            "etag": "a6b3a940b1c7af23065cbaa60e12730d",
            "force_destroy": false,
            "id": "Flat1/F1.jpg",
            "key": "Flat1/F1.jpg",
            "kms_key_id": null,
            "metadata": {},
            "object_lock_legal_hold_status": "",
            "object_lock_mode": "",
            "object_lock_retain_until_date": "",
            "server_side_encryption": "",
            "source": "s3/Assets/Flat1/F1.jpg",
            "source_hash": null,
            "storage_class": "STANDARD",
            "tags": {},
            "tags_all": {},
            "version_id": "null",
            "website_redirect": ""
          },
          "sensitive_attributes": [],
          "private": "bnVsbA==",
          "dependencies": [
            "aws_s3_bucket.devsclan-test-s3"
          ]
        },
        {
          "index_key": "Flat1/F10.jpg",
          "schema_version": 0,
          "attributes": {
            "acl": "public-read",
            "bucket": "devsclan-test-s3",
            "bucket_key_enabled": false,
            "cache_control": "",
            "content": null,
            "content_base64": null,
            "content_disposition": "",
            "content_encoding": "",
            "content_language": "",
            "content_type": "binary/octet-stream",
            "etag": "fa0484939887b9c2a544e5b0fecbbb3d",
            "force_destroy": false,
            "id": "Flat1/F10.jpg",
            "key": "Flat1/F10.jpg",
            "kms_key_id": null,
            "metadata": {},
            "object_lock_legal_hold_status": "",
            "object_lock_mode": "",
            "object_lock_retain_until_date": "",
            "server_side_encryption": "",
            "source": "s3/Assets/Flat1/F10.jpg",
            "source_hash": null,
            "storage_class": "STANDARD",
            "tags": {},
            "tags_all": {},
            "version_id": "null",
            "website_redirect": ""
          },
          "sensitive_attributes": [],
          "private": "bnVsbA==",
          "dependencies": [
            "aws_s3_bucket.devsclan-test-s3"
          ]
        },
        {
          "index_key": "Flat1/F11.jpg",
          "schema_version": 0,
          "attributes": {
            "acl": "public-read",
            "bucket": "devsclan-test-s3",
            "bucket_key_enabled": false,
            "cache_control": "",
            "content": null,
            "content_base64": null,
            "content_disposition": "",
            "content_encoding": "",
            "content_language": "",
            "content_type": "binary/octet-stream",
            "etag": "b0c8b3533837ef9372af68fc48d0b4fc",
            "force_destroy": false,
            "id": "Flat1/F11.jpg",
            "key": "Flat1/F11.jpg",
            "kms_key_id": null,
            "metadata": {},
            "object_lock_legal_hold_status": "",
            "object_lock_mode": "",
            "object_lock_retain_until_date": "",
            "server_side_encryption": "",
            "source": "s3/Assets/Flat1/F11.jpg",
            "source_hash": null,
            "storage_class": "STANDARD",
            "tags": {},
            "tags_all": {},
            "version_id": "null",
            "website_redirect": ""
          },
          "sensitive_attributes": [],
          "private": "bnVsbA==",
          "dependencies": [
            "aws_s3_bucket.devsclan-test-s3"
          ]
        },
        {
          "index_key": "Flat1/F2.jpg",
          "schema_version": 0,
          "attributes": {
            "acl": "public-read",
            "bucket": "devsclan-test-s3",
            "bucket_key_enabled": false,
            "cache_control": "",
            "content": null,
            "content_base64": null,
            "content_disposition": "",
            "content_encoding": "",
            "content_language": "",
            "content_type": "binary/octet-stream",
            "etag": "852625b291bf5bec2407b8a584fe5414",
            "force_destroy": false,
            "id": "Flat1/F2.jpg",
            "key": "Flat1/F2.jpg",
            "kms_key_id": null,
            "metadata": {},
            "object_lock_legal_hold_status": "",
            "object_lock_mode": "",
            "object_lock_retain_until_date": "",
            "server_side_encryption": "",
            "source": "s3/Assets/Flat1/F2.jpg",
            "source_hash": null,
            "storage_class": "STANDARD",
            "tags": {},
            "tags_all": {},
            "version_id": "null",
            "website_redirect": ""
          },
          "sensitive_attributes": [],
          "private": "bnVsbA==",
          "dependencies": [
            "aws_s3_bucket.devsclan-test-s3"
          ]
        },
        {
          "index_key": "Flat1/F3.jpg",
          "schema_version": 0,
          "attributes": {
            "acl": "public-read",
            "bucket": "devsclan-test-s3",
            "bucket_key_enabled": false,
            "cache_control": "",
            "content": null,
            "content_base64": null,
            "content_disposition": "",
            "content_encoding": "",
            "content_language": "",
            "content_type": "binary/octet-stream",
            "etag": "eec0854c11cad45300a1842b34d2987f",
            "force_destroy": false,
            "id": "Flat1/F3.jpg",
            "key": "Flat1/F3.jpg",
            "kms_key_id": null,
            "metadata": {},
            "object_lock_legal_hold_status": "",
            "object_lock_mode": "",
            "object_lock_retain_until_date": "",
            "server_side_encryption": "",
            "source": "s3/Assets/Flat1/F3.jpg",
            "source_hash": null,
            "storage_class": "STANDARD",
            "tags": {},
            "tags_all": {},
            "version_id": "null",
            "website_redirect": ""
          },
          "sensitive_attributes": [],
          "private": "bnVsbA==",
          "dependencies": [
            "aws_s3_bucket.devsclan-test-s3"
          ]
        },
        {
          "index_key": "Flat1/F4.jpg",
          "schema_version": 0,
          "attributes": {
            "acl": "public-read",
            "bucket": "devsclan-test-s3",
            "bucket_key_enabled": false,
            "cache_control": "",
            "content": null,
            "content_base64": null,
            "content_disposition": "",
            "content_encoding": "",
            "content_language": "",
            "content_type": "binary/octet-stream",
            "etag": "e4b159f96e2364a64bd9da3d81e3b8f5",
            "force_destroy": false,
            "id": "Flat1/F4.jpg",
            "key": "Flat1/F4.jpg",
            "kms_key_id": null,
            "metadata": {},
            "object_lock_legal_hold_status": "",
            "object_lock_mode": "",
            "object_lock_retain_until_date": "",
            "server_side_encryption": "",
            "source": "s3/Assets/Flat1/F4.jpg",
            "source_hash": null,
            "storage_class": "STANDARD",
            "tags": {},
            "tags_all": {},
            "version_id": "null",
            "website_redirect": ""
          },
          "sensitive_attributes": [],
          "private": "bnVsbA==",
          "dependencies": [
            "aws_s3_bucket.devsclan-test-s3"
          ]
        },
        {
          "index_key": "Flat1/F5.jpg",
          "schema_version": 0,
          "attributes": {
            "acl": "public-read",
            "bucket": "devsclan-test-s3",
            "bucket_key_enabled": false,
            "cache_control": "",
            "content": null,
            "content_base64": null,
            "content_disposition": "",
            "content_encoding": "",
            "content_language": "",
            "content_type": "binary/octet-stream",
            "etag": "77d85f113b0c2b1630292c7cb373e783",
            "force_destroy": false,
            "id": "Flat1/F5.jpg",
            "key": "Flat1/F5.jpg",
            "kms_key_id": null,
            "metadata": {},
            "object_lock_legal_hold_status": "",
            "object_lock_mode": "",
            "object_lock_retain_until_date": "",
            "server_side_encryption": "",
            "source": "s3/Assets/Flat1/F5.jpg",
            "source_hash": null,
            "storage_class": "STANDARD",
            "tags": {},
            "tags_all": {},
            "version_id": "null",
            "website_redirect": ""
          },
          "sensitive_attributes": [],
          "private": "bnVsbA==",
          "dependencies": [
            "aws_s3_bucket.devsclan-test-s3"
          ]
        },
        {
          "index_key": "Flat1/F6.jpg",
          "schema_version": 0,
          "attributes": {
            "acl": "public-read",
            "bucket": "devsclan-test-s3",
            "bucket_key_enabled": false,
            "cache_control": "",
            "content": null,
            "content_base64": null,
            "content_disposition": "",
            "content_encoding": "",
            "content_language": "",
            "content_type": "binary/octet-stream",
            "etag": "761772f11b605290537bbaba36c7432d",
            "force_destroy": false,
            "id": "Flat1/F6.jpg",
            "key": "Flat1/F6.jpg",
            "kms_key_id": null,
            "metadata": {},
            "object_lock_legal_hold_status": "",
            "object_lock_mode": "",
            "object_lock_retain_until_date": "",
            "server_side_encryption": "",
            "source": "s3/Assets/Flat1/F6.jpg",
            "source_hash": null,
            "storage_class": "STANDARD",
            "tags": {},
            "tags_all": {},
            "version_id": "null",
            "website_redirect": ""
          },
          "sensitive_attributes": [],
          "private": "bnVsbA==",
          "dependencies": [
            "aws_s3_bucket.devsclan-test-s3"
          ]
        },
        {
          "index_key": "Flat1/F7.jpg",
          "schema_version": 0,
          "attributes": {
            "acl": "public-read",
            "bucket": "devsclan-test-s3",
            "bucket_key_enabled": false,
            "cache_control": "",
            "content": null,
            "content_base64": null,
            "content_disposition": "",
            "content_encoding": "",
            "content_language": "",
            "content_type": "binary/octet-stream",
            "etag": "f6436355d55779cf63e1bf195a027a0c",
            "force_destroy": false,
            "id": "Flat1/F7.jpg",
            "key": "Flat1/F7.jpg",
            "kms_key_id": null,
            "metadata": {},
            "object_lock_legal_hold_status": "",
            "object_lock_mode": "",
            "object_lock_retain_until_date": "",
            "server_side_encryption": "",
            "source": "s3/Assets/Flat1/F7.jpg",
            "source_hash": null,
            "storage_class": "STANDARD",
            "tags": {},
            "tags_all": {},
            "version_id": "null",
            "website_redirect": ""
          },
          "sensitive_attributes": [],
          "private": "bnVsbA==",
          "dependencies": [
            "aws_s3_bucket.devsclan-test-s3"
          ]
        },
        {
          "index_key": "Flat1/F8.jpg",
          "schema_version": 0,
          "attributes": {
            "acl": "public-read",
            "bucket": "devsclan-test-s3",
            "bucket_key_enabled": false,
            "cache_control": "",
            "content": null,
            "content_base64": null,
            "content_disposition": "",
            "content_encoding": "",
            "content_language": "",
            "content_type": "binary/octet-stream",
            "etag": "1a382d9ce1e3c323d8dda8c158a750c9",
            "force_destroy": false,
            "id": "Flat1/F8.jpg",
            "key": "Flat1/F8.jpg",
            "kms_key_id": null,
            "metadata": {},
            "object_lock_legal_hold_status": "",
            "object_lock_mode": "",
            "object_lock_retain_until_date": "",
            "server_side_encryption": "",
            "source": "s3/Assets/Flat1/F8.jpg",
            "source_hash": null,
            "storage_class": "STANDARD",
            "tags": {},
            "tags_all": {},
            "version_id": "null",
            "website_redirect": ""
          },
          "sensitive_attributes": [],
          "private": "bnVsbA==",
          "dependencies": [
            "aws_s3_bucket.devsclan-test-s3"
          ]
        },
        {
          "index_key": "Flat1/F9.jpg",
          "schema_version": 0,
          "attributes": {
            "acl": "public-read",
            "bucket": "devsclan-test-s3",
            "bucket_key_enabled": false,
            "cache_control": "",
            "content": null,
            "content_base64": null,
            "content_disposition": "",
            "content_encoding": "",
            "content_language": "",
            "content_type": "binary/octet-stream",
            "etag": "a2df2e47f0c8b3a43d0c7133c92175b0",
            "force_destroy": false,
            "id": "Flat1/F9.jpg",
            "key": "Flat1/F9.jpg",
            "kms_key_id": null,
            "metadata": {},
            "object_lock_legal_hold_status": "",
            "object_lock_mode": "",
            "object_lock_retain_until_date": "",
            "server_side_encryption": "",
            "source": "s3/Assets/Flat1/F9.jpg",
            "source_hash": null,
            "storage_class": "STANDARD",
            "tags": {},
            "tags_all": {},
            "version_id": "null",
            "website_redirect": ""
          },
          "sensitive_attributes": [],
          "private": "bnVsbA==",
          "dependencies": [
            "aws_s3_bucket.devsclan-test-s3"
          ]
        },
        {
          "index_key": "Flat2/F1.jpg",
          "schema_version": 0,
          "attributes": {
            "acl": "public-read",
            "bucket": "devsclan-test-s3",
            "bucket_key_enabled": false,
            "cache_control": "",
            "content": null,
            "content_base64": null,
            "content_disposition": "",
            "content_encoding": "",
            "content_language": "",
            "content_type": "binary/octet-stream",
            "etag": "8dd0a67fc7e6ac77381d623a3e8cdf21",
            "force_destroy": false,
            "id": "Flat2/F1.jpg",
            "key": "Flat2/F1.jpg",
            "kms_key_id": null,
            "metadata": {},
            "object_lock_legal_hold_status": "",
            "object_lock_mode": "",
            "object_lock_retain_until_date": "",
            "server_side_encryption": "",
            "source": "s3/Assets/Flat2/F1.jpg",
            "source_hash": null,
            "storage_class": "STANDARD",
            "tags": {},
            "tags_all": {},
            "version_id": "null",
            "website_redirect": ""
          },
          "sensitive_attributes": [],
          "private": "bnVsbA==",
          "dependencies": [
            "aws_s3_bucket.devsclan-test-s3"
          ]
        },
        {
          "index_key": "Flat2/F2.jpg",
          "schema_version": 0,
          "attributes": {
            "acl": "public-read",
            "bucket": "devsclan-test-s3",
            "bucket_key_enabled": false,
            "cache_control": "",
            "content": null,
            "content_base64": null,
            "content_disposition": "",
            "content_encoding": "",
            "content_language": "",
            "content_type": "binary/octet-stream",
            "etag": "21ef7953c3eb17488bd0fae522eea0c2",
            "force_destroy": false,
            "id": "Flat2/F2.jpg",
            "key": "Flat2/F2.jpg",
            "kms_key_id": null,
            "metadata": {},
            "object_lock_legal_hold_status": "",
            "object_lock_mode": "",
            "object_lock_retain_until_date": "",
            "server_side_encryption": "",
            "source": "s3/Assets/Flat2/F2.jpg",
            "source_hash": null,
            "storage_class": "STANDARD",
            "tags": {},
            "tags_all": {},
            "version_id": "null",
            "website_redirect": ""
          },
          "sensitive_attributes": [],
          "private": "bnVsbA==",
          "dependencies": [
            "aws_s3_bucket.devsclan-test-s3"
          ]
        },
        {
          "index_key": "Flat2/F3.jpg",
          "schema_version": 0,
          "attributes": {
            "acl": "public-read",
            "bucket": "devsclan-test-s3",
            "bucket_key_enabled": false,
            "cache_control": "",
            "content": null,
            "content_base64": null,
            "content_disposition": "",
            "content_encoding": "",
            "content_language": "",
            "content_type": "binary/octet-stream",
            "etag": "0bfb1a885269c643de10fc077e65a382",
            "force_destroy": false,
            "id": "Flat2/F3.jpg",
            "key": "Flat2/F3.jpg",
            "kms_key_id": null,
            "metadata": {},
            "object_lock_legal_hold_status": "",
            "object_lock_mode": "",
            "object_lock_retain_until_date": "",
            "server_side_encryption": "",
            "source": "s3/Assets/Flat2/F3.jpg",
            "source_hash": null,
            "storage_class": "STANDARD",
            "tags": {},
            "tags_all": {},
            "version_id": "null",
            "website_redirect": ""
          },
          "sensitive_attributes": [],
          "private": "bnVsbA==",
          "dependencies": [
            "aws_s3_bucket.devsclan-test-s3"
          ]
        },
        {
          "index_key": "Flat2/F4.jpg",
          "schema_version": 0,
          "attributes": {
            "acl": "public-read",
            "bucket": "devsclan-test-s3",
            "bucket_key_enabled": false,
            "cache_control": "",
            "content": null,
            "content_base64": null,
            "content_disposition": "",
            "content_encoding": "",
            "content_language": "",
            "content_type": "binary/octet-stream",
            "etag": "dd98716348b3ba8561c6987a181ba6d7",
            "force_destroy": false,
            "id": "Flat2/F4.jpg",
            "key": "Flat2/F4.jpg",
            "kms_key_id": null,
            "metadata": {},
            "object_lock_legal_hold_status": "",
            "object_lock_mode": "",
            "object_lock_retain_until_date": "",
            "server_side_encryption": "",
            "source": "s3/Assets/Flat2/F4.jpg",
            "source_hash": null,
            "storage_class": "STANDARD",
            "tags": {},
            "tags_all": {},
            "version_id": "null",
            "website_redirect": ""
          },
          "sensitive_attributes": [],
          "private": "bnVsbA==",
          "dependencies": [
            "aws_s3_bucket.devsclan-test-s3"
          ]
        },
        {
          "index_key": "Flat2/F5.jpg",
          "schema_version": 0,
          "attributes": {
            "acl": "public-read",
            "bucket": "devsclan-test-s3",
            "bucket_key_enabled": false,
            "cache_control": "",
            "content": null,
            "content_base64": null,
            "content_disposition": "",
            "content_encoding": "",
            "content_language": "",
            "content_type": "binary/octet-stream",
            "etag": "470777e095aeabce0dc1905d3ac60d18",
            "force_destroy": false,
            "id": "Flat2/F5.jpg",
            "key": "Flat2/F5.jpg",
            "kms_key_id": null,
            "metadata": {},
            "object_lock_legal_hold_status": "",
            "object_lock_mode": "",
            "object_lock_retain_until_date": "",
            "server_side_encryption": "",
            "source": "s3/Assets/Flat2/F5.jpg",
            "source_hash": null,
            "storage_class": "STANDARD",
            "tags": {},
            "tags_all": {},
            "version_id": "null",
            "website_redirect": ""
          },
          "sensitive_attributes": [],
          "private": "bnVsbA==",
          "dependencies": [
            "aws_s3_bucket.devsclan-test-s3"
          ]
        },
        {
          "index_key": "Flat2/F6.jpg",
          "schema_version": 0,
          "attributes": {
            "acl": "public-read",
            "bucket": "devsclan-test-s3",
            "bucket_key_enabled": false,
            "cache_control": "",
            "content": null,
            "content_base64": null,
            "content_disposition": "",
            "content_encoding": "",
            "content_language": "",
            "content_type": "binary/octet-stream",
            "etag": "87533e16904e835bcd550a70b8fadc4a",
            "force_destroy": false,
            "id": "Flat2/F6.jpg",
            "key": "Flat2/F6.jpg",
            "kms_key_id": null,
            "metadata": {},
            "object_lock_legal_hold_status": "",
            "object_lock_mode": "",
            "object_lock_retain_until_date": "",
            "server_side_encryption": "",
            "source": "s3/Assets/Flat2/F6.jpg",
            "source_hash": null,
            "storage_class": "STANDARD",
            "tags": {},
            "tags_all": {},
            "version_id": "null",
            "website_redirect": ""
          },
          "sensitive_attributes": [],
          "private": "bnVsbA==",
          "dependencies": [
            "aws_s3_bucket.devsclan-test-s3"
          ]
        },
        {
          "index_key": "Flat2/F7.jpg",
          "schema_version": 0,
          "attributes": {
            "acl": "public-read",
            "bucket": "devsclan-test-s3",
            "bucket_key_enabled": false,
            "cache_control": "",
            "content": null,
            "content_base64": null,
            "content_disposition": "",
            "content_encoding": "",
            "content_language": "",
            "content_type": "binary/octet-stream",
            "etag": "6b19a5bf4115001d5bca9b608ce73f6a",
            "force_destroy": false,
            "id": "Flat2/F7.jpg",
            "key": "Flat2/F7.jpg",
            "kms_key_id": null,
            "metadata": {},
            "object_lock_legal_hold_status": "",
            "object_lock_mode": "",
            "object_lock_retain_until_date": "",
            "server_side_encryption": "",
            "source": "s3/Assets/Flat2/F7.jpg",
            "source_hash": null,
            "storage_class": "STANDARD",
            "tags": {},
            "tags_all": {},
            "version_id": "null",
            "website_redirect": ""
          },
          "sensitive_attributes": [],
          "private": "bnVsbA==",
          "dependencies": [
            "aws_s3_bucket.devsclan-test-s3"
          ]
        },
        {
          "index_key": "Flat2/F8.jpg",
          "schema_version": 0,
          "attributes": {
            "acl": "public-read",
            "bucket": "devsclan-test-s3",
            "bucket_key_enabled": false,
            "cache_control": "",
            "content": null,
            "content_base64": null,
            "content_disposition": "",
            "content_encoding": "",
            "content_language": "",
            "content_type": "binary/octet-stream",
            "etag": "335c944568808e3f716812855f1599d3",
            "force_destroy": false,
            "id": "Flat2/F8.jpg",
            "key": "Flat2/F8.jpg",
            "kms_key_id": null,
            "metadata": {},
            "object_lock_legal_hold_status": "",
            "object_lock_mode": "",
            "object_lock_retain_until_date": "",
            "server_side_encryption": "",
            "source": "s3/Assets/Flat2/F8.jpg",
            "source_hash": null,
            "storage_class": "STANDARD",
            "tags": {},
            "tags_all": {},
            "version_id": "null",
            "website_redirect": ""
          },
          "sensitive_attributes": [],
          "private": "bnVsbA==",
          "dependencies": [
            "aws_s3_bucket.devsclan-test-s3"
          ]
        },
        {
          "index_key": "Hotel1/H1.jpg",
          "schema_version": 0,
          "attributes": {
            "acl": "public-read",
            "bucket": "devsclan-test-s3",
            "bucket_key_enabled": false,
            "cache_control": "",
            "content": null,
            "content_base64": null,
            "content_disposition": "",
            "content_encoding": "",
            "content_language": "",
            "content_type": "binary/octet-stream",
            "etag": "a7d6a49b5dd43ca0da406a18cc0f5ab9",
            "force_destroy": false,
            "id": "Hotel1/H1.jpg",
            "key": "Hotel1/H1.jpg",
            "kms_key_id": null,
            "metadata": {},
            "object_lock_legal_hold_status": "",
            "object_lock_mode": "",
            "object_lock_retain_until_date": "",
            "server_side_encryption": "",
            "source": "s3/Assets/Hotel1/H1.jpg",
            "source_hash": null,
            "storage_class": "STANDARD",
            "tags": {},
            "tags_all": {},
            "version_id": "null",
            "website_redirect": ""
          },
          "sensitive_attributes": [],
          "private": "bnVsbA==",
          "dependencies": [
            "aws_s3_bucket.devsclan-test-s3"
          ]
        },
        {
          "index_key": "Hotel1/H10.jpg",
          "schema_version": 0,
          "attributes": {
            "acl": "public-read",
            "bucket": "devsclan-test-s3",
            "bucket_key_enabled": false,
            "cache_control": "",
            "content": null,
            "content_base64": null,
            "content_disposition": "",
            "content_encoding": "",
            "content_language": "",
            "content_type": "binary/octet-stream",
            "etag": "8c43354585a84553a2340edceab4b52f",
            "force_destroy": false,
            "id": "Hotel1/H10.jpg",
            "key": "Hotel1/H10.jpg",
            "kms_key_id": null,
            "metadata": {},
            "object_lock_legal_hold_status": "",
            "object_lock_mode": "",
            "object_lock_retain_until_date": "",
            "server_side_encryption": "",
            "source": "s3/Assets/Hotel1/H10.jpg",
            "source_hash": null,
            "storage_class": "STANDARD",
            "tags": {},
            "tags_all": {},
            "version_id": "null",
            "website_redirect": ""
          },
          "sensitive_attributes": [],
          "private": "bnVsbA==",
          "dependencies": [
            "aws_s3_bucket.devsclan-test-s3"
          ]
        },
        {
          "index_key": "Hotel1/H2.jpg",
          "schema_version": 0,
          "attributes": {
            "acl": "public-read",
            "bucket": "devsclan-test-s3",
            "bucket_key_enabled": false,
            "cache_control": "",
            "content": null,
            "content_base64": null,
            "content_disposition": "",
            "content_encoding": "",
            "content_language": "",
            "content_type": "binary/octet-stream",
            "etag": "876f9827666f49f35434e7f84d0586f6",
            "force_destroy": false,
            "id": "Hotel1/H2.jpg",
            "key": "Hotel1/H2.jpg",
            "kms_key_id": null,
            "metadata": {},
            "object_lock_legal_hold_status": "",
            "object_lock_mode": "",
            "object_lock_retain_until_date": "",
            "server_side_encryption": "",
            "source": "s3/Assets/Hotel1/H2.jpg",
            "source_hash": null,
            "storage_class": "STANDARD",
            "tags": {},
            "tags_all": {},
            "version_id": "null",
            "website_redirect": ""
          },
          "sensitive_attributes": [],
          "private": "bnVsbA==",
          "dependencies": [
            "aws_s3_bucket.devsclan-test-s3"
          ]
        },
        {
          "index_key": "Hotel1/H3.jpg",
          "schema_version": 0,
          "attributes": {
            "acl": "public-read",
            "bucket": "devsclan-test-s3",
            "bucket_key_enabled": false,
            "cache_control": "",
            "content": null,
            "content_base64": null,
            "content_disposition": "",
            "content_encoding": "",
            "content_language": "",
            "content_type": "binary/octet-stream",
            "etag": "a207d681d8a9c21e8de456e631d86238",
            "force_destroy": false,
            "id": "Hotel1/H3.jpg",
            "key": "Hotel1/H3.jpg",
            "kms_key_id": null,
            "metadata": {},
            "object_lock_legal_hold_status": "",
            "object_lock_mode": "",
            "object_lock_retain_until_date": "",
            "server_side_encryption": "",
            "source": "s3/Assets/Hotel1/H3.jpg",
            "source_hash": null,
            "storage_class": "STANDARD",
            "tags": {},
            "tags_all": {},
            "version_id": "null",
            "website_redirect": ""
          },
          "sensitive_attributes": [],
          "private": "bnVsbA==",
          "dependencies": [
            "aws_s3_bucket.devsclan-test-s3"
          ]
        },
        {
          "index_key": "Hotel1/H4.jpg",
          "schema_version": 0,
          "attributes": {
            "acl": "public-read",
            "bucket": "devsclan-test-s3",
            "bucket_key_enabled": false,
            "cache_control": "",
            "content": null,
            "content_base64": null,
            "content_disposition": "",
            "content_encoding": "",
            "content_language": "",
            "content_type": "binary/octet-stream",
            "etag": "223a5ece232be2bd7c3197c3f6bbb22d",
            "force_destroy": false,
            "id": "Hotel1/H4.jpg",
            "key": "Hotel1/H4.jpg",
            "kms_key_id": null,
            "metadata": {},
            "object_lock_legal_hold_status": "",
            "object_lock_mode": "",
            "object_lock_retain_until_date": "",
            "server_side_encryption": "",
            "source": "s3/Assets/Hotel1/H4.jpg",
            "source_hash": null,
            "storage_class": "STANDARD",
            "tags": {},
            "tags_all": {},
            "version_id": "null",
            "website_redirect": ""
          },
          "sensitive_attributes": [],
          "private": "bnVsbA==",
          "dependencies": [
            "aws_s3_bucket.devsclan-test-s3"
          ]
        },
        {
          "index_key": "Hotel1/H5.jpg",
          "schema_version": 0,
          "attributes": {
            "acl": "public-read",
            "bucket": "devsclan-test-s3",
            "bucket_key_enabled": false,
            "cache_control": "",
            "content": null,
            "content_base64": null,
            "content_disposition": "",
            "content_encoding": "",
            "content_language": "",
            "content_type": "binary/octet-stream",
            "etag": "7d70e2d62c11443afe5a4fb0fe1fda70",
            "force_destroy": false,
            "id": "Hotel1/H5.jpg",
            "key": "Hotel1/H5.jpg",
            "kms_key_id": null,
            "metadata": {},
            "object_lock_legal_hold_status": "",
            "object_lock_mode": "",
            "object_lock_retain_until_date": "",
            "server_side_encryption": "",
            "source": "s3/Assets/Hotel1/H5.jpg",
            "source_hash": null,
            "storage_class": "STANDARD",
            "tags": {},
            "tags_all": {},
            "version_id": "null",
            "website_redirect": ""
          },
          "sensitive_attributes": [],
          "private": "bnVsbA==",
          "dependencies": [
            "aws_s3_bucket.devsclan-test-s3"
          ]
        },
        {
          "index_key": "Hotel1/H6.jpg",
          "schema_version": 0,
          "attributes": {
            "acl": "public-read",
            "bucket": "devsclan-test-s3",
            "bucket_key_enabled": false,
            "cache_control": "",
            "content": null,
            "content_base64": null,
            "content_disposition": "",
            "content_encoding": "",
            "content_language": "",
            "content_type": "binary/octet-stream",
            "etag": "cd2b208a3dd0432bbdda73c6ec82f74f",
            "force_destroy": false,
            "id": "Hotel1/H6.jpg",
            "key": "Hotel1/H6.jpg",
            "kms_key_id": null,
            "metadata": {},
            "object_lock_legal_hold_status": "",
            "object_lock_mode": "",
            "object_lock_retain_until_date": "",
            "server_side_encryption": "",
            "source": "s3/Assets/Hotel1/H6.jpg",
            "source_hash": null,
            "storage_class": "STANDARD",
            "tags": {},
            "tags_all": {},
            "version_id": "null",
            "website_redirect": ""
          },
          "sensitive_attributes": [],
          "private": "bnVsbA==",
          "dependencies": [
            "aws_s3_bucket.devsclan-test-s3"
          ]
        },
        {
          "index_key": "Hotel1/H7.jpg",
          "schema_version": 0,
          "attributes": {
            "acl": "public-read",
            "bucket": "devsclan-test-s3",
            "bucket_key_enabled": false,
            "cache_control": "",
            "content": null,
            "content_base64": null,
            "content_disposition": "",
            "content_encoding": "",
            "content_language": "",
            "content_type": "binary/octet-stream",
            "etag": "8db54a464483e0e1a3d543e194b453b7",
            "force_destroy": false,
            "id": "Hotel1/H7.jpg",
            "key": "Hotel1/H7.jpg",
            "kms_key_id": null,
            "metadata": {},
            "object_lock_legal_hold_status": "",
            "object_lock_mode": "",
            "object_lock_retain_until_date": "",
            "server_side_encryption": "",
            "source": "s3/Assets/Hotel1/H7.jpg",
            "source_hash": null,
            "storage_class": "STANDARD",
            "tags": {},
            "tags_all": {},
            "version_id": "null",
            "website_redirect": ""
          },
          "sensitive_attributes": [],
          "private": "bnVsbA==",
          "dependencies": [
            "aws_s3_bucket.devsclan-test-s3"
          ]
        },
        {
          "index_key": "Hotel1/H8.jpg",
          "schema_version": 0,
          "attributes": {
            "acl": "public-read",
            "bucket": "devsclan-test-s3",
            "bucket_key_enabled": false,
            "cache_control": "",
            "content": null,
            "content_base64": null,
            "content_disposition": "",
            "content_encoding": "",
            "content_language": "",
            "content_type": "binary/octet-stream",
            "etag": "709f4874ea41ae3b07caa9a9beb828fd",
            "force_destroy": false,
            "id": "Hotel1/H8.jpg",
            "key": "Hotel1/H8.jpg",
            "kms_key_id": null,
            "metadata": {},
            "object_lock_legal_hold_status": "",
            "object_lock_mode": "",
            "object_lock_retain_until_date": "",
            "server_side_encryption": "",
            "source": "s3/Assets/Hotel1/H8.jpg",
            "source_hash": null,
            "storage_class": "STANDARD",
            "tags": {},
            "tags_all": {},
            "version_id": "null",
            "website_redirect": ""
          },
          "sensitive_attributes": [],
          "private": "bnVsbA==",
          "dependencies": [
            "aws_s3_bucket.devsclan-test-s3"
          ]
        },
        {
          "index_key": "Hotel1/H9.jpg",
          "schema_version": 0,
          "attributes": {
            "acl": "public-read",
            "bucket": "devsclan-test-s3",
            "bucket_key_enabled": false,
            "cache_control": "",
            "content": null,
            "content_base64": null,
            "content_disposition": "",
            "content_encoding": "",
            "content_language": "",
            "content_type": "binary/octet-stream",
            "etag": "ed7a7acb4bb77c3ad1d2f9274316f34a",
            "force_destroy": false,
            "id": "Hotel1/H9.jpg",
            "key": "Hotel1/H9.jpg",
            "kms_key_id": null,
            "metadata": {},
            "object_lock_legal_hold_status": "",
            "object_lock_mode": "",
            "object_lock_retain_until_date": "",
            "server_side_encryption": "",
            "source": "s3/Assets/Hotel1/H9.jpg",
            "source_hash": null,
            "storage_class": "STANDARD",
            "tags": {},
            "tags_all": {},
            "version_id": "null",
            "website_redirect": ""
          },
          "sensitive_attributes": [],
          "private": "bnVsbA==",
          "dependencies": [
            "aws_s3_bucket.devsclan-test-s3"
          ]
        },
        {
          "index_key": "Hotel2/H1.jpg",
          "schema_version": 0,
          "attributes": {
            "acl": "public-read",
            "bucket": "devsclan-test-s3",
            "bucket_key_enabled": false,
            "cache_control": "",
            "content": null,
            "content_base64": null,
            "content_disposition": "",
            "content_encoding": "",
            "content_language": "",
            "content_type": "binary/octet-stream",
            "etag": "35fa1f4cd61c7d351afe0639631677aa",
            "force_destroy": false,
            "id": "Hotel2/H1.jpg",
            "key": "Hotel2/H1.jpg",
            "kms_key_id": null,
            "metadata": {},
            "object_lock_legal_hold_status": "",
            "object_lock_mode": "",
            "object_lock_retain_until_date": "",
            "server_side_encryption": "",
            "source": "s3/Assets/Hotel2/H1.jpg",
            "source_hash": null,
            "storage_class": "STANDARD",
            "tags": {},
            "tags_all": {},
            "version_id": "null",
            "website_redirect": ""
          },
          "sensitive_attributes": [],
          "private": "bnVsbA==",
          "dependencies": [
            "aws_s3_bucket.devsclan-test-s3"
          ]
        },
        {
          "index_key": "Hotel2/H2.jpg",
          "schema_version": 0,
          "attributes": {
            "acl": "public-read",
            "bucket": "devsclan-test-s3",
            "bucket_key_enabled": false,
            "cache_control": "",
            "content": null,
            "content_base64": null,
            "content_disposition": "",
            "content_encoding": "",
            "content_language": "",
            "content_type": "binary/octet-stream",
            "etag": "681f430c0fe6502723fe69019c0cdf2b",
            "force_destroy": false,
            "id": "Hotel2/H2.jpg",
            "key": "Hotel2/H2.jpg",
            "kms_key_id": null,
            "metadata": {},
            "object_lock_legal_hold_status": "",
            "object_lock_mode": "",
            "object_lock_retain_until_date": "",
            "server_side_encryption": "",
            "source": "s3/Assets/Hotel2/H2.jpg",
            "source_hash": null,
            "storage_class": "STANDARD",
            "tags": {},
            "tags_all": {},
            "version_id": "null",
            "website_redirect": ""
          },
          "sensitive_attributes": [],
          "private": "bnVsbA==",
          "dependencies": [
            "aws_s3_bucket.devsclan-test-s3"
          ]
        },
        {
          "index_key": "Hotel2/H3.jpg",
          "schema_version": 0,
          "attributes": {
            "acl": "public-read",
            "bucket": "devsclan-test-s3",
            "bucket_key_enabled": false,
            "cache_control": "",
            "content": null,
            "content_base64": null,
            "content_disposition": "",
            "content_encoding": "",
            "content_language": "",
            "content_type": "binary/octet-stream",
            "etag": "265e45d04caabfcacb9d79cfd733c504",
            "force_destroy": false,
            "id": "Hotel2/H3.jpg",
            "key": "Hotel2/H3.jpg",
            "kms_key_id": null,
            "metadata": {},
            "object_lock_legal_hold_status": "",
            "object_lock_mode": "",
            "object_lock_retain_until_date": "",
            "server_side_encryption": "",
            "source": "s3/Assets/Hotel2/H3.jpg",
            "source_hash": null,
            "storage_class": "STANDARD",
            "tags": {},
            "tags_all": {},
            "version_id": "null",
            "website_redirect": ""
          },
          "sensitive_attributes": [],
          "private": "bnVsbA==",
          "dependencies": [
            "aws_s3_bucket.devsclan-test-s3"
          ]
        },
        {
          "index_key": "Hotel2/H4.jpg",
          "schema_version": 0,
          "attributes": {
            "acl": "public-read",
            "bucket": "devsclan-test-s3",
            "bucket_key_enabled": false,
            "cache_control": "",
            "content": null,
            "content_base64": null,
            "content_disposition": "",
            "content_encoding": "",
            "content_language": "",
            "content_type": "binary/octet-stream",
            "etag": "404fa788a5c56ea5b347a19ca80c9901",
            "force_destroy": false,
            "id": "Hotel2/H4.jpg",
            "key": "Hotel2/H4.jpg",
            "kms_key_id": null,
            "metadata": {},
            "object_lock_legal_hold_status": "",
            "object_lock_mode": "",
            "object_lock_retain_until_date": "",
            "server_side_encryption": "",
            "source": "s3/Assets/Hotel2/H4.jpg",
            "source_hash": null,
            "storage_class": "STANDARD",
            "tags": {},
            "tags_all": {},
            "version_id": "null",
            "website_redirect": ""
          },
          "sensitive_attributes": [],
          "private": "bnVsbA==",
          "dependencies": [
            "aws_s3_bucket.devsclan-test-s3"
          ]
        },
        {
          "index_key": "Hotel2/H5.jpg",
          "schema_version": 0,
          "attributes": {
            "acl": "public-read",
            "bucket": "devsclan-test-s3",
            "bucket_key_enabled": false,
            "cache_control": "",
            "content": null,
            "content_base64": null,
            "content_disposition": "",
            "content_encoding": "",
            "content_language": "",
            "content_type": "binary/octet-stream",
            "etag": "28aa6e36c36320fb2cd2bed9e287efec",
            "force_destroy": false,
            "id": "Hotel2/H5.jpg",
            "key": "Hotel2/H5.jpg",
            "kms_key_id": null,
            "metadata": {},
            "object_lock_legal_hold_status": "",
            "object_lock_mode": "",
            "object_lock_retain_until_date": "",
            "server_side_encryption": "",
            "source": "s3/Assets/Hotel2/H5.jpg",
            "source_hash": null,
            "storage_class": "STANDARD",
            "tags": {},
            "tags_all": {},
            "version_id": "null",
            "website_redirect": ""
          },
          "sensitive_attributes": [],
          "private": "bnVsbA==",
          "dependencies": [
            "aws_s3_bucket.devsclan-test-s3"
          ]
        },
        {
          "index_key": "Hotel2/H6.jpg",
          "schema_version": 0,
          "attributes": {
            "acl": "public-read",
            "bucket": "devsclan-test-s3",
            "bucket_key_enabled": false,
            "cache_control": "",
            "content": null,
            "content_base64": null,
            "content_disposition": "",
            "content_encoding": "",
            "content_language": "",
            "content_type": "binary/octet-stream",
            "etag": "2b98258ac771949b8f563af23888d545",
            "force_destroy": false,
            "id": "Hotel2/H6.jpg",
            "key": "Hotel2/H6.jpg",
            "kms_key_id": null,
            "metadata": {},
            "object_lock_legal_hold_status": "",
            "object_lock_mode": "",
            "object_lock_retain_until_date": "",
            "server_side_encryption": "",
            "source": "s3/Assets/Hotel2/H6.jpg",
            "source_hash": null,
            "storage_class": "STANDARD",
            "tags": {},
            "tags_all": {},
            "version_id": "null",
            "website_redirect": ""
          },
          "sensitive_attributes": [],
          "private": "bnVsbA==",
          "dependencies": [
            "aws_s3_bucket.devsclan-test-s3"
          ]
        },
        {
          "index_key": "Hotel2/H7.jpg",
          "schema_version": 0,
          "attributes": {
            "acl": "public-read",
            "bucket": "devsclan-test-s3",
            "bucket_key_enabled": false,
            "cache_control": "",
            "content": null,
            "content_base64": null,
            "content_disposition": "",
            "content_encoding": "",
            "content_language": "",
            "content_type": "binary/octet-stream",
            "etag": "781f639724bc892487ec1c35a0132530",
            "force_destroy": false,
            "id": "Hotel2/H7.jpg",
            "key": "Hotel2/H7.jpg",
            "kms_key_id": null,
            "metadata": {},
            "object_lock_legal_hold_status": "",
            "object_lock_mode": "",
            "object_lock_retain_until_date": "",
            "server_side_encryption": "",
            "source": "s3/Assets/Hotel2/H7.jpg",
            "source_hash": null,
            "storage_class": "STANDARD",
            "tags": {},
            "tags_all": {},
            "version_id": "null",
            "website_redirect": ""
          },
          "sensitive_attributes": [],
          "private": "bnVsbA==",
          "dependencies": [
            "aws_s3_bucket.devsclan-test-s3"
          ]
        },
        {
          "index_key": "Hotel2/H8.jpg",
          "schema_version": 0,
          "attributes": {
            "acl": "public-read",
            "bucket": "devsclan-test-s3",
            "bucket_key_enabled": false,
            "cache_control": "",
            "content": null,
            "content_base64": null,
            "content_disposition": "",
            "content_encoding": "",
            "content_language": "",
            "content_type": "binary/octet-stream",
            "etag": "96b1d8d456cdebc158c802da10ff89d6",
            "force_destroy": false,
            "id": "Hotel2/H8.jpg",
            "key": "Hotel2/H8.jpg",
            "kms_key_id": null,
            "metadata": {},
            "object_lock_legal_hold_status": "",
            "object_lock_mode": "",
            "object_lock_retain_until_date": "",
            "server_side_encryption": "",
            "source": "s3/Assets/Hotel2/H8.jpg",
            "source_hash": null,
            "storage_class": "STANDARD",
            "tags": {},
            "tags_all": {},
            "version_id": "null",
            "website_redirect": ""
          },
          "sensitive_attributes": [],
          "private": "bnVsbA==",
          "dependencies": [
            "aws_s3_bucket.devsclan-test-s3"
          ]
        },
        {
          "index_key": "Hotel2/H9.jpg",
          "schema_version": 0,
          "attributes": {
            "acl": "public-read",
            "bucket": "devsclan-test-s3",
            "bucket_key_enabled": false,
            "cache_control": "",
            "content": null,
            "content_base64": null,
            "content_disposition": "",
            "content_encoding": "",
            "content_language": "",
            "content_type": "binary/octet-stream",
            "etag": "475af2f86915bba302842fdb8b347087",
            "force_destroy": false,
            "id": "Hotel2/H9.jpg",
            "key": "Hotel2/H9.jpg",
            "kms_key_id": null,
            "metadata": {},
            "object_lock_legal_hold_status": "",
            "object_lock_mode": "",
            "object_lock_retain_until_date": "",
            "server_side_encryption": "",
            "source": "s3/Assets/Hotel2/H9.jpg",
            "source_hash": null,
            "storage_class": "STANDARD",
            "tags": {},
            "tags_all": {},
            "version_id": "null",
            "website_redirect": ""
          },
          "sensitive_attributes": [],
          "private": "bnVsbA==",
          "dependencies": [
            "aws_s3_bucket.devsclan-test-s3"
          ]
        },
        {
          "index_key": "Hotel3/H1.jpg",
          "schema_version": 0,
          "attributes": {
            "acl": "public-read",
            "bucket": "devsclan-test-s3",
            "bucket_key_enabled": false,
            "cache_control": "",
            "content": null,
            "content_base64": null,
            "content_disposition": "",
            "content_encoding": "",
            "content_language": "",
            "content_type": "binary/octet-stream",
            "etag": "d5a76a5fddff54b49286023548fb6d04",
            "force_destroy": false,
            "id": "Hotel3/H1.jpg",
            "key": "Hotel3/H1.jpg",
            "kms_key_id": null,
            "metadata": {},
            "object_lock_legal_hold_status": "",
            "object_lock_mode": "",
            "object_lock_retain_until_date": "",
            "server_side_encryption": "",
            "source": "s3/Assets/Hotel3/H1.jpg",
            "source_hash": null,
            "storage_class": "STANDARD",
            "tags": {},
            "tags_all": {},
            "version_id": "null",
            "website_redirect": ""
          },
          "sensitive_attributes": [],
          "private": "bnVsbA==",
          "dependencies": [
            "aws_s3_bucket.devsclan-test-s3"
          ]
        },
        {
          "index_key": "Hotel3/H10.jpg",
          "schema_version": 0,
          "attributes": {
            "acl": "public-read",
            "bucket": "devsclan-test-s3",
            "bucket_key_enabled": false,
            "cache_control": "",
            "content": null,
            "content_base64": null,
            "content_disposition": "",
            "content_encoding": "",
            "content_language": "",
            "content_type": "binary/octet-stream",
            "etag": "cc5e46e4e66ebe759fef1afb868bc639",
            "force_destroy": false,
            "id": "Hotel3/H10.jpg",
            "key": "Hotel3/H10.jpg",
            "kms_key_id": null,
            "metadata": {},
            "object_lock_legal_hold_status": "",
            "object_lock_mode": "",
            "object_lock_retain_until_date": "",
            "server_side_encryption": "",
            "source": "s3/Assets/Hotel3/H10.jpg",
            "source_hash": null,
            "storage_class": "STANDARD",
            "tags": {},
            "tags_all": {},
            "version_id": "null",
            "website_redirect": ""
          },
          "sensitive_attributes": [],
          "private": "bnVsbA==",
          "dependencies": [
            "aws_s3_bucket.devsclan-test-s3"
          ]
        },
        {
          "index_key": "Hotel3/H2.jpg",
          "schema_version": 0,
          "attributes": {
            "acl": "public-read",
            "bucket": "devsclan-test-s3",
            "bucket_key_enabled": false,
            "cache_control": "",
            "content": null,
            "content_base64": null,
            "content_disposition": "",
            "content_encoding": "",
            "content_language": "",
            "content_type": "binary/octet-stream",
            "etag": "6eabae8a84c2ba539afeba90b68073b0",
            "force_destroy": false,
            "id": "Hotel3/H2.jpg",
            "key": "Hotel3/H2.jpg",
            "kms_key_id": null,
            "metadata": {},
            "object_lock_legal_hold_status": "",
            "object_lock_mode": "",
            "object_lock_retain_until_date": "",
            "server_side_encryption": "",
            "source": "s3/Assets/Hotel3/H2.jpg",
            "source_hash": null,
            "storage_class": "STANDARD",
            "tags": {},
            "tags_all": {},
            "version_id": "null",
            "website_redirect": ""
          },
          "sensitive_attributes": [],
          "private": "bnVsbA==",
          "dependencies": [
            "aws_s3_bucket.devsclan-test-s3"
          ]
        },
        {
          "index_key": "Hotel3/H3.jpg",
          "schema_version": 0,
          "attributes": {
            "acl": "public-read",
            "bucket": "devsclan-test-s3",
            "bucket_key_enabled": false,
            "cache_control": "",
            "content": null,
            "content_base64": null,
            "content_disposition": "",
            "content_encoding": "",
            "content_language": "",
            "content_type": "binary/octet-stream",
            "etag": "cb59c78f3258d46a1aac210b47a9df2a",
            "force_destroy": false,
            "id": "Hotel3/H3.jpg",
            "key": "Hotel3/H3.jpg",
            "kms_key_id": null,
            "metadata": {},
            "object_lock_legal_hold_status": "",
            "object_lock_mode": "",
            "object_lock_retain_until_date": "",
            "server_side_encryption": "",
            "source": "s3/Assets/Hotel3/H3.jpg",
            "source_hash": null,
            "storage_class": "STANDARD",
            "tags": {},
            "tags_all": {},
            "version_id": "null",
            "website_redirect": ""
          },
          "sensitive_attributes": [],
          "private": "bnVsbA==",
          "dependencies": [
            "aws_s3_bucket.devsclan-test-s3"
          ]
        },
        {
          "index_key": "Hotel3/H4.jpg",
          "schema_version": 0,
          "attributes": {
            "acl": "public-read",
            "bucket": "devsclan-test-s3",
            "bucket_key_enabled": false,
            "cache_control": "",
            "content": null,
            "content_base64": null,
            "content_disposition": "",
            "content_encoding": "",
            "content_language": "",
            "content_type": "binary/octet-stream",
            "etag": "e94293a3995d824e701f6bc40703e1e6",
            "force_destroy": false,
            "id": "Hotel3/H4.jpg",
            "key": "Hotel3/H4.jpg",
            "kms_key_id": null,
            "metadata": {},
            "object_lock_legal_hold_status": "",
            "object_lock_mode": "",
            "object_lock_retain_until_date": "",
            "server_side_encryption": "",
            "source": "s3/Assets/Hotel3/H4.jpg",
            "source_hash": null,
            "storage_class": "STANDARD",
            "tags": {},
            "tags_all": {},
            "version_id": "null",
            "website_redirect": ""
          },
          "sensitive_attributes": [],
          "private": "bnVsbA==",
          "dependencies": [
            "aws_s3_bucket.devsclan-test-s3"
          ]
        },
        {
          "index_key": "Hotel3/H5.jpg",
          "schema_version": 0,
          "attributes": {
            "acl": "public-read",
            "bucket": "devsclan-test-s3",
            "bucket_key_enabled": false,
            "cache_control": "",
            "content": null,
            "content_base64": null,
            "content_disposition": "",
            "content_encoding": "",
            "content_language": "",
            "content_type": "binary/octet-stream",
            "etag": "bb5e1fc3ba81ee93f5bcf5ab19d80b46",
            "force_destroy": false,
            "id": "Hotel3/H5.jpg",
            "key": "Hotel3/H5.jpg",
            "kms_key_id": null,
            "metadata": {},
            "object_lock_legal_hold_status": "",
            "object_lock_mode": "",
            "object_lock_retain_until_date": "",
            "server_side_encryption": "",
            "source": "s3/Assets/Hotel3/H5.jpg",
            "source_hash": null,
            "storage_class": "STANDARD",
            "tags": {},
            "tags_all": {},
            "version_id": "null",
            "website_redirect": ""
          },
          "sensitive_attributes": [],
          "private": "bnVsbA==",
          "dependencies": [
            "aws_s3_bucket.devsclan-test-s3"
          ]
        },
        {
          "index_key": "Hotel3/H6.jpg",
          "schema_version": 0,
          "attributes": {
            "acl": "public-read",
            "bucket": "devsclan-test-s3",
            "bucket_key_enabled": false,
            "cache_control": "",
            "content": null,
            "content_base64": null,
            "content_disposition": "",
            "content_encoding": "",
            "content_language": "",
            "content_type": "binary/octet-stream",
            "etag": "c7385064887dc0e998a5c3290e2c2193",
            "force_destroy": false,
            "id": "Hotel3/H6.jpg",
            "key": "Hotel3/H6.jpg",
            "kms_key_id": null,
            "metadata": {},
            "object_lock_legal_hold_status": "",
            "object_lock_mode": "",
            "object_lock_retain_until_date": "",
            "server_side_encryption": "",
            "source": "s3/Assets/Hotel3/H6.jpg",
            "source_hash": null,
            "storage_class": "STANDARD",
            "tags": {},
            "tags_all": {},
            "version_id": "null",
            "website_redirect": ""
          },
          "sensitive_attributes": [],
          "private": "bnVsbA==",
          "dependencies": [
            "aws_s3_bucket.devsclan-test-s3"
          ]
        },
        {
          "index_key": "Hotel3/H7.jpg",
          "schema_version": 0,
          "attributes": {
            "acl": "public-read",
            "bucket": "devsclan-test-s3",
            "bucket_key_enabled": false,
            "cache_control": "",
            "content": null,
            "content_base64": null,
            "content_disposition": "",
            "content_encoding": "",
            "content_language": "",
            "content_type": "binary/octet-stream",
            "etag": "7f0a4b9331e612861e349a0383857587",
            "force_destroy": false,
            "id": "Hotel3/H7.jpg",
            "key": "Hotel3/H7.jpg",
            "kms_key_id": null,
            "metadata": {},
            "object_lock_legal_hold_status": "",
            "object_lock_mode": "",
            "object_lock_retain_until_date": "",
            "server_side_encryption": "",
            "source": "s3/Assets/Hotel3/H7.jpg",
            "source_hash": null,
            "storage_class": "STANDARD",
            "tags": {},
            "tags_all": {},
            "version_id": "null",
            "website_redirect": ""
          },
          "sensitive_attributes": [],
          "private": "bnVsbA==",
          "dependencies": [
            "aws_s3_bucket.devsclan-test-s3"
          ]
        },
        {
          "index_key": "Hotel3/H8.jpg",
          "schema_version": 0,
          "attributes": {
            "acl": "public-read",
            "bucket": "devsclan-test-s3",
            "bucket_key_enabled": false,
            "cache_control": "",
            "content": null,
            "content_base64": null,
            "content_disposition": "",
            "content_encoding": "",
            "content_language": "",
            "content_type": "binary/octet-stream",
            "etag": "cf49884f3c5f8ed4a9137462bd3effd0",
            "force_destroy": false,
            "id": "Hotel3/H8.jpg",
            "key": "Hotel3/H8.jpg",
            "kms_key_id": null,
            "metadata": {},
            "object_lock_legal_hold_status": "",
            "object_lock_mode": "",
            "object_lock_retain_until_date": "",
            "server_side_encryption": "",
            "source": "s3/Assets/Hotel3/H8.jpg",
            "source_hash": null,
            "storage_class": "STANDARD",
            "tags": {},
            "tags_all": {},
            "version_id": "null",
            "website_redirect": ""
          },
          "sensitive_attributes": [],
          "private": "bnVsbA==",
          "dependencies": [
            "aws_s3_bucket.devsclan-test-s3"
          ]
        },
        {
          "index_key": "Hotel3/H9.jpg",
          "schema_version": 0,
          "attributes": {
            "acl": "public-read",
            "bucket": "devsclan-test-s3",
            "bucket_key_enabled": false,
            "cache_control": "",
            "content": null,
            "content_base64": null,
            "content_disposition": "",
            "content_encoding": "",
            "content_language": "",
            "content_type": "binary/octet-stream",
            "etag": "73bf1b066a64d4b865f8db441a709f23",
            "force_destroy": false,
            "id": "Hotel3/H9.jpg",
            "key": "Hotel3/H9.jpg",
            "kms_key_id": null,
            "metadata": {},
            "object_lock_legal_hold_status": "",
            "object_lock_mode": "",
            "object_lock_retain_until_date": "",
            "server_side_encryption": "",
            "source": "s3/Assets/Hotel3/H9.jpg",
            "source_hash": null,
            "storage_class": "STANDARD",
            "tags": {},
            "tags_all": {},
            "version_id": "null",
            "website_redirect": ""
          },
          "sensitive_attributes": [],
          "private": "bnVsbA==",
          "dependencies": [
            "aws_s3_bucket.devsclan-test-s3"
          ]
        },
        {
          "index_key": "House1/H1.jpg",
          "schema_version": 0,
          "attributes": {
            "acl": "public-read",
            "bucket": "devsclan-test-s3",
            "bucket_key_enabled": false,
            "cache_control": "",
            "content": null,
            "content_base64": null,
            "content_disposition": "",
            "content_encoding": "",
            "content_language": "",
            "content_type": "binary/octet-stream",
            "etag": "3d959031d0cd1cb2d139e980972345ec",
            "force_destroy": false,
            "id": "House1/H1.jpg",
            "key": "House1/H1.jpg",
            "kms_key_id": null,
            "metadata": {},
            "object_lock_legal_hold_status": "",
            "object_lock_mode": "",
            "object_lock_retain_until_date": "",
            "server_side_encryption": "",
            "source": "s3/Assets/House1/H1.jpg",
            "source_hash": null,
            "storage_class": "STANDARD",
            "tags": {},
            "tags_all": {},
            "version_id": "null",
            "website_redirect": ""
          },
          "sensitive_attributes": [],
          "private": "bnVsbA==",
          "dependencies": [
            "aws_s3_bucket.devsclan-test-s3"
          ]
        },
        {
          "index_key": "House1/H2.jpg",
          "schema_version": 0,
          "attributes": {
            "acl": "public-read",
            "bucket": "devsclan-test-s3",
            "bucket_key_enabled": false,
            "cache_control": "",
            "content": null,
            "content_base64": null,
            "content_disposition": "",
            "content_encoding": "",
            "content_language": "",
            "content_type": "binary/octet-stream",
            "etag": "8ee16ef8636ddad524ce4d647737f5b3",
            "force_destroy": false,
            "id": "House1/H2.jpg",
            "key": "House1/H2.jpg",
            "kms_key_id": null,
            "metadata": {},
            "object_lock_legal_hold_status": "",
            "object_lock_mode": "",
            "object_lock_retain_until_date": "",
            "server_side_encryption": "",
            "source": "s3/Assets/House1/H2.jpg",
            "source_hash": null,
            "storage_class": "STANDARD",
            "tags": {},
            "tags_all": {},
            "version_id": "null",
            "website_redirect": ""
          },
          "sensitive_attributes": [],
          "private": "bnVsbA==",
          "dependencies": [
            "aws_s3_bucket.devsclan-test-s3"
          ]
        },
        {
          "index_key": "House1/H3.jpg",
          "schema_version": 0,
          "attributes": {
            "acl": "public-read",
            "bucket": "devsclan-test-s3",
            "bucket_key_enabled": false,
            "cache_control": "",
            "content": null,
            "content_base64": null,
            "content_disposition": "",
            "content_encoding": "",
            "content_language": "",
            "content_type": "binary/octet-stream",
            "etag": "d50375d9fcf74661a2aadf97aad4b55b",
            "force_destroy": false,
            "id": "House1/H3.jpg",
            "key": "House1/H3.jpg",
            "kms_key_id": null,
            "metadata": {},
            "object_lock_legal_hold_status": "",
            "object_lock_mode": "",
            "object_lock_retain_until_date": "",
            "server_side_encryption": "",
            "source": "s3/Assets/House1/H3.jpg",
            "source_hash": null,
            "storage_class": "STANDARD",
            "tags": {},
            "tags_all": {},
            "version_id": "null",
            "website_redirect": ""
          },
          "sensitive_attributes": [],
          "private": "bnVsbA==",
          "dependencies": [
            "aws_s3_bucket.devsclan-test-s3"
          ]
        },
        {
          "index_key": "House1/H4.jpg",
          "schema_version": 0,
          "attributes": {
            "acl": "public-read",
            "bucket": "devsclan-test-s3",
            "bucket_key_enabled": false,
            "cache_control": "",
            "content": null,
            "content_base64": null,
            "content_disposition": "",
            "content_encoding": "",
            "content_language": "",
            "content_type": "binary/octet-stream",
            "etag": "c8e784934b7bb8d41df33f99a92c9d9c",
            "force_destroy": false,
            "id": "House1/H4.jpg",
            "key": "House1/H4.jpg",
            "kms_key_id": null,
            "metadata": {},
            "object_lock_legal_hold_status": "",
            "object_lock_mode": "",
            "object_lock_retain_until_date": "",
            "server_side_encryption": "",
            "source": "s3/Assets/House1/H4.jpg",
            "source_hash": null,
            "storage_class": "STANDARD",
            "tags": {},
            "tags_all": {},
            "version_id": "null",
            "website_redirect": ""
          },
          "sensitive_attributes": [],
          "private": "bnVsbA==",
          "dependencies": [
            "aws_s3_bucket.devsclan-test-s3"
          ]
        },
        {
          "index_key": "House1/H5.jpg",
          "schema_version": 0,
          "attributes": {
            "acl": "public-read",
            "bucket": "devsclan-test-s3",
            "bucket_key_enabled": false,
            "cache_control": "",
            "content": null,
            "content_base64": null,
            "content_disposition": "",
            "content_encoding": "",
            "content_language": "",
            "content_type": "binary/octet-stream",
            "etag": "8ade02a2b5466c5597131b0db5aeb70f",
            "force_destroy": false,
            "id": "House1/H5.jpg",
            "key": "House1/H5.jpg",
            "kms_key_id": null,
            "metadata": {},
            "object_lock_legal_hold_status": "",
            "object_lock_mode": "",
            "object_lock_retain_until_date": "",
            "server_side_encryption": "",
            "source": "s3/Assets/House1/H5.jpg",
            "source_hash": null,
            "storage_class": "STANDARD",
            "tags": {},
            "tags_all": {},
            "version_id": "null",
            "website_redirect": ""
          },
          "sensitive_attributes": [],
          "private": "bnVsbA==",
          "dependencies": [
            "aws_s3_bucket.devsclan-test-s3"
          ]
        },
        {
          "index_key": "House1/H6.jpg",
          "schema_version": 0,
          "attributes": {
            "acl": "public-read",
            "bucket": "devsclan-test-s3",
            "bucket_key_enabled": false,
            "cache_control": "",
            "content": null,
            "content_base64": null,
            "content_disposition": "",
            "content_encoding": "",
            "content_language": "",
            "content_type": "binary/octet-stream",
            "etag": "cfc0995a9c82889fd8b0d3d1115f64d3",
            "force_destroy": false,
            "id": "House1/H6.jpg",
            "key": "House1/H6.jpg",
            "kms_key_id": null,
            "metadata": {},
            "object_lock_legal_hold_status": "",
            "object_lock_mode": "",
            "object_lock_retain_until_date": "",
            "server_side_encryption": "",
            "source": "s3/Assets/House1/H6.jpg",
            "source_hash": null,
            "storage_class": "STANDARD",
            "tags": {},
            "tags_all": {},
            "version_id": "null",
            "website_redirect": ""
          },
          "sensitive_attributes": [],
          "private": "bnVsbA==",
          "dependencies": [
            "aws_s3_bucket.devsclan-test-s3"
          ]
        },
        {
          "index_key": "House1/H7.jpg",
          "schema_version": 0,
          "attributes": {
            "acl": "public-read",
            "bucket": "devsclan-test-s3",
            "bucket_key_enabled": false,
            "cache_control": "",
            "content": null,
            "content_base64": null,
            "content_disposition": "",
            "content_encoding": "",
            "content_language": "",
            "content_type": "binary/octet-stream",
            "etag": "d50375d9fcf74661a2aadf97aad4b55b",
            "force_destroy": false,
            "id": "House1/H7.jpg",
            "key": "House1/H7.jpg",
            "kms_key_id": null,
            "metadata": {},
            "object_lock_legal_hold_status": "",
            "object_lock_mode": "",
            "object_lock_retain_until_date": "",
            "server_side_encryption": "",
            "source": "s3/Assets/House1/H7.jpg",
            "source_hash": null,
            "storage_class": "STANDARD",
            "tags": {},
            "tags_all": {},
            "version_id": "null",
            "website_redirect": ""
          },
          "sensitive_attributes": [],
          "private": "bnVsbA==",
          "dependencies": [
            "aws_s3_bucket.devsclan-test-s3"
          ]
        },
        {
          "index_key": "House1/H8.jpg",
          "schema_version": 0,
          "attributes": {
            "acl": "public-read",
            "bucket": "devsclan-test-s3",
            "bucket_key_enabled": false,
            "cache_control": "",
            "content": null,
            "content_base64": null,
            "content_disposition": "",
            "content_encoding": "",
            "content_language": "",
            "content_type": "binary/octet-stream",
            "etag": "eeba0c0e6586c1d64d9e89c043e26bf0",
            "force_destroy": false,
            "id": "House1/H8.jpg",
            "key": "House1/H8.jpg",
            "kms_key_id": null,
            "metadata": {},
            "object_lock_legal_hold_status": "",
            "object_lock_mode": "",
            "object_lock_retain_until_date": "",
            "server_side_encryption": "",
            "source": "s3/Assets/House1/H8.jpg",
            "source_hash": null,
            "storage_class": "STANDARD",
            "tags": {},
            "tags_all": {},
            "version_id": "null",
            "website_redirect": ""
          },
          "sensitive_attributes": [],
          "private": "bnVsbA==",
          "dependencies": [
            "aws_s3_bucket.devsclan-test-s3"
          ]
        },
        {
          "index_key": "House2/H1.jpg",
          "schema_version": 0,
          "attributes": {
            "acl": "public-read",
            "bucket": "devsclan-test-s3",
            "bucket_key_enabled": false,
            "cache_control": "",
            "content": null,
            "content_base64": null,
            "content_disposition": "",
            "content_encoding": "",
            "content_language": "",
            "content_type": "binary/octet-stream",
            "etag": "cfbca01ee95e7feb669714c0de2fea9f",
            "force_destroy": false,
            "id": "House2/H1.jpg",
            "key": "House2/H1.jpg",
            "kms_key_id": null,
            "metadata": {},
            "object_lock_legal_hold_status": "",
            "object_lock_mode": "",
            "object_lock_retain_until_date": "",
            "server_side_encryption": "",
            "source": "s3/Assets/House2/H1.jpg",
            "source_hash": null,
            "storage_class": "STANDARD",
            "tags": {},
            "tags_all": {},
            "version_id": "null",
            "website_redirect": ""
          },
          "sensitive_attributes": [],
          "private": "bnVsbA==",
          "dependencies": [
            "aws_s3_bucket.devsclan-test-s3"
          ]
        },
        {
          "index_key": "House2/H2.jpg",
          "schema_version": 0,
          "attributes": {
            "acl": "public-read",
            "bucket": "devsclan-test-s3",
            "bucket_key_enabled": false,
            "cache_control": "",
            "content": null,
            "content_base64": null,
            "content_disposition": "",
            "content_encoding": "",
            "content_language": "",
            "content_type": "binary/octet-stream",
            "etag": "b0540ec63c82a13e43c8431080b903a0",
            "force_destroy": false,
            "id": "House2/H2.jpg",
            "key": "House2/H2.jpg",
            "kms_key_id": null,
            "metadata": {},
            "object_lock_legal_hold_status": "",
            "object_lock_mode": "",
            "object_lock_retain_until_date": "",
            "server_side_encryption": "",
            "source": "s3/Assets/House2/H2.jpg",
            "source_hash": null,
            "storage_class": "STANDARD",
            "tags": {},
            "tags_all": {},
            "version_id": "null",
            "website_redirect": ""
          },
          "sensitive_attributes": [],
          "private": "bnVsbA==",
          "dependencies": [
            "aws_s3_bucket.devsclan-test-s3"
          ]
        },
        {
          "index_key": "House2/H3.jpg",
          "schema_version": 0,
          "attributes": {
            "acl": "public-read",
            "bucket": "devsclan-test-s3",
            "bucket_key_enabled": false,
            "cache_control": "",
            "content": null,
            "content_base64": null,
            "content_disposition": "",
            "content_encoding": "",
            "content_language": "",
            "content_type": "binary/octet-stream",
            "etag": "f795cde93cac0602b8fc0588efd26c2c",
            "force_destroy": false,
            "id": "House2/H3.jpg",
            "key": "House2/H3.jpg",
            "kms_key_id": null,
            "metadata": {},
            "object_lock_legal_hold_status": "",
            "object_lock_mode": "",
            "object_lock_retain_until_date": "",
            "server_side_encryption": "",
            "source": "s3/Assets/House2/H3.jpg",
            "source_hash": null,
            "storage_class": "STANDARD",
            "tags": {},
            "tags_all": {},
            "version_id": "null",
            "website_redirect": ""
          },
          "sensitive_attributes": [],
          "private": "bnVsbA==",
          "dependencies": [
            "aws_s3_bucket.devsclan-test-s3"
          ]
        },
        {
          "index_key": "House2/H4.jpg",
          "schema_version": 0,
          "attributes": {
            "acl": "public-read",
            "bucket": "devsclan-test-s3",
            "bucket_key_enabled": false,
            "cache_control": "",
            "content": null,
            "content_base64": null,
            "content_disposition": "",
            "content_encoding": "",
            "content_language": "",
            "content_type": "binary/octet-stream",
            "etag": "ac54a3ba348e5810dbaad2c631917140",
            "force_destroy": false,
            "id": "House2/H4.jpg",
            "key": "House2/H4.jpg",
            "kms_key_id": null,
            "metadata": {},
            "object_lock_legal_hold_status": "",
            "object_lock_mode": "",
            "object_lock_retain_until_date": "",
            "server_side_encryption": "",
            "source": "s3/Assets/House2/H4.jpg",
            "source_hash": null,
            "storage_class": "STANDARD",
            "tags": {},
            "tags_all": {},
            "version_id": "null",
            "website_redirect": ""
          },
          "sensitive_attributes": [],
          "private": "bnVsbA==",
          "dependencies": [
            "aws_s3_bucket.devsclan-test-s3"
          ]
        },
        {
          "index_key": "House2/H5.jpg",
          "schema_version": 0,
          "attributes": {
            "acl": "public-read",
            "bucket": "devsclan-test-s3",
            "bucket_key_enabled": false,
            "cache_control": "",
            "content": null,
            "content_base64": null,
            "content_disposition": "",
            "content_encoding": "",
            "content_language": "",
            "content_type": "binary/octet-stream",
            "etag": "8eab93a40e5ecfedb96778db2bb3843c",
            "force_destroy": false,
            "id": "House2/H5.jpg",
            "key": "House2/H5.jpg",
            "kms_key_id": null,
            "metadata": {},
            "object_lock_legal_hold_status": "",
            "object_lock_mode": "",
            "object_lock_retain_until_date": "",
            "server_side_encryption": "",
            "source": "s3/Assets/House2/H5.jpg",
            "source_hash": null,
            "storage_class": "STANDARD",
            "tags": {},
            "tags_all": {},
            "version_id": "null",
            "website_redirect": ""
          },
          "sensitive_attributes": [],
          "private": "bnVsbA==",
          "dependencies": [
            "aws_s3_bucket.devsclan-test-s3"
          ]
        },
        {
          "index_key": "House2/H6.jpg",
          "schema_version": 0,
          "attributes": {
            "acl": "public-read",
            "bucket": "devsclan-test-s3",
            "bucket_key_enabled": false,
            "cache_control": "",
            "content": null,
            "content_base64": null,
            "content_disposition": "",
            "content_encoding": "",
            "content_language": "",
            "content_type": "binary/octet-stream",
            "etag": "e5c06d9fe7521e77be960460c9406968",
            "force_destroy": false,
            "id": "House2/H6.jpg",
            "key": "House2/H6.jpg",
            "kms_key_id": null,
            "metadata": {},
            "object_lock_legal_hold_status": "",
            "object_lock_mode": "",
            "object_lock_retain_until_date": "",
            "server_side_encryption": "",
            "source": "s3/Assets/House2/H6.jpg",
            "source_hash": null,
            "storage_class": "STANDARD",
            "tags": {},
            "tags_all": {},
            "version_id": "null",
            "website_redirect": ""
          },
          "sensitive_attributes": [],
          "private": "bnVsbA==",
          "dependencies": [
            "aws_s3_bucket.devsclan-test-s3"
          ]
        },
        {
          "index_key": "House2/H7.jpg",
          "schema_version": 0,
          "attributes": {
            "acl": "public-read",
            "bucket": "devsclan-test-s3",
            "bucket_key_enabled": false,
            "cache_control": "",
            "content": null,
            "content_base64": null,
            "content_disposition": "",
            "content_encoding": "",
            "content_language": "",
            "content_type": "binary/octet-stream",
            "etag": "26ecd16be880f0e1ff677bd3f674460c",
            "force_destroy": false,
            "id": "House2/H7.jpg",
            "key": "House2/H7.jpg",
            "kms_key_id": null,
            "metadata": {},
            "object_lock_legal_hold_status": "",
            "object_lock_mode": "",
            "object_lock_retain_until_date": "",
            "server_side_encryption": "",
            "source": "s3/Assets/House2/H7.jpg",
            "source_hash": null,
            "storage_class": "STANDARD",
            "tags": {},
            "tags_all": {},
            "version_id": "null",
            "website_redirect": ""
          },
          "sensitive_attributes": [],
          "private": "bnVsbA==",
          "dependencies": [
            "aws_s3_bucket.devsclan-test-s3"
          ]
        },
        {
          "index_key": "House2/H8.jpg",
          "schema_version": 0,
          "attributes": {
            "acl": "public-read",
            "bucket": "devsclan-test-s3",
            "bucket_key_enabled": false,
            "cache_control": "",
            "content": null,
            "content_base64": null,
            "content_disposition": "",
            "content_encoding": "",
            "content_language": "",
            "content_type": "binary/octet-stream",
            "etag": "e938db380a908bf2b5b2c05d77a9c230",
            "force_destroy": false,
            "id": "House2/H8.jpg",
            "key": "House2/H8.jpg",
            "kms_key_id": null,
            "metadata": {},
            "object_lock_legal_hold_status": "",
            "object_lock_mode": "",
            "object_lock_retain_until_date": "",
            "server_side_encryption": "",
            "source": "s3/Assets/House2/H8.jpg",
            "source_hash": null,
            "storage_class": "STANDARD",
            "tags": {},
            "tags_all": {},
            "version_id": "null",
            "website_redirect": ""
          },
          "sensitive_attributes": [],
          "private": "bnVsbA==",
          "dependencies": [
            "aws_s3_bucket.devsclan-test-s3"
          ]
        },
        {
          "index_key": "House2/H9.jpg",
          "schema_version": 0,
          "attributes": {
            "acl": "public-read",
            "bucket": "devsclan-test-s3",
            "bucket_key_enabled": false,
            "cache_control": "",
            "content": null,
            "content_base64": null,
            "content_disposition": "",
            "content_encoding": "",
            "content_language": "",
            "content_type": "binary/octet-stream",
            "etag": "288ed1a115195946d53b13d8a6e16361",
            "force_destroy": false,
            "id": "House2/H9.jpg",
            "key": "House2/H9.jpg",
            "kms_key_id": null,
            "metadata": {},
            "object_lock_legal_hold_status": "",
            "object_lock_mode": "",
            "object_lock_retain_until_date": "",
            "server_side_encryption": "",
            "source": "s3/Assets/House2/H9.jpg",
            "source_hash": null,
            "storage_class": "STANDARD",
            "tags": {},
            "tags_all": {},
            "version_id": "null",
            "website_redirect": ""
          },
          "sensitive_attributes": [],
          "private": "bnVsbA==",
          "dependencies": [
            "aws_s3_bucket.devsclan-test-s3"
          ]
        }
      ]
    },
    {
      "mode": "managed",
      "type": "aws_security_group",
      "name": "test-sg",
      "provider": "provider[\"registry.terraform.io/hashicorp/aws\"]",
      "instances": [
        {
          "schema_version": 1,
          "attributes": {
            "arn": "arn:aws:ec2:sa-east-1:785952516872:security-group/sg-07687555446436db9",
            "description": "Allow everything. Only for testing.",
            "egress": [
              {
                "cidr_blocks": [
                  "0.0.0.0/0"
                ],
                "description": "",
                "from_port": 0,
                "ipv6_cidr_blocks": [
                  "::/0"
                ],
                "prefix_list_ids": [],
                "protocol": "-1",
                "security_groups": [],
                "self": false,
                "to_port": 0
              }
            ],
            "id": "sg-07687555446436db9",
            "ingress": [
              {
                "cidr_blocks": [
                  "0.0.0.0/0"
                ],
                "description": "",
                "from_port": 0,
                "ipv6_cidr_blocks": [
                  "::/0"
                ],
                "prefix_list_ids": [],
                "protocol": "-1",
                "security_groups": [],
                "self": false,
                "to_port": 0
              }
            ],
            "name": "test-sg",
            "name_prefix": "",
            "owner_id": "785952516872",
            "revoke_rules_on_delete": false,
            "tags": {
              "Name": "test-sg"
            },
            "tags_all": {
              "Name": "test-sg"
            },
            "timeouts": null,
            "vpc_id": "vpc-0fae51a731cf49231"
          },
          "sensitive_attributes": [],
          "private": "eyJlMmJmYjczMC1lY2FhLTExZTYtOGY4OC0zNDM2M2JjN2M0YzAiOnsiY3JlYXRlIjo2MDAwMDAwMDAwMDAsImRlbGV0ZSI6OTAwMDAwMDAwMDAwfSwic2NoZW1hX3ZlcnNpb24iOiIxIn0=",
          "dependencies": [
            "aws_vpc.vpc"
          ]
        }
      ]
    },
    {
      "mode": "managed",
      "type": "aws_subnet",
      "name": "subnet-back",
      "provider": "provider[\"registry.terraform.io/hashicorp/aws\"]",
      "instances": [
        {
          "schema_version": 1,
          "attributes": {
            "arn": "arn:aws:ec2:sa-east-1:785952516872:subnet/subnet-0684a84bf5ea0a7f5",
            "assign_ipv6_address_on_creation": false,
            "availability_zone": "sa-east-1c",
            "availability_zone_id": "sae1-az3",
            "cidr_block": "10.0.0.64/26",
            "customer_owned_ipv4_pool": "",
            "id": "subnet-0684a84bf5ea0a7f5",
            "ipv6_cidr_block": "",
            "ipv6_cidr_block_association_id": "",
            "map_customer_owned_ip_on_launch": false,
            "map_public_ip_on_launch": true,
            "outpost_arn": "",
            "owner_id": "785952516872",
            "tags": {
              "Name": "testsubnet-back"
            },
            "tags_all": {
              "Name": "testsubnet-back"
            },
            "timeouts": null,
            "vpc_id": "vpc-0fae51a731cf49231"
          },
          "sensitive_attributes": [],
          "private": "eyJlMmJmYjczMC1lY2FhLTExZTYtOGY4OC0zNDM2M2JjN2M0YzAiOnsiY3JlYXRlIjo2MDAwMDAwMDAwMDAsImRlbGV0ZSI6MTIwMDAwMDAwMDAwMH0sInNjaGVtYV92ZXJzaW9uIjoiMSJ9",
          "dependencies": [
            "aws_vpc.vpc"
          ]
        }
      ]
    },
    {
      "mode": "managed",
      "type": "aws_subnet",
      "name": "subnet-front",
      "provider": "provider[\"registry.terraform.io/hashicorp/aws\"]",
      "instances": [
        {
          "schema_version": 1,
          "attributes": {
            "arn": "arn:aws:ec2:sa-east-1:785952516872:subnet/subnet-0d6cbd5aed123dacf",
            "assign_ipv6_address_on_creation": false,
            "availability_zone": "sa-east-1a",
            "availability_zone_id": "sae1-az1",
            "cidr_block": "10.0.0.0/26",
            "customer_owned_ipv4_pool": "",
            "id": "subnet-0d6cbd5aed123dacf",
            "ipv6_cidr_block": "",
            "ipv6_cidr_block_association_id": "",
            "map_customer_owned_ip_on_launch": false,
            "map_public_ip_on_launch": true,
            "outpost_arn": "",
            "owner_id": "785952516872",
            "tags": {
              "Name": "testsubnet-front"
            },
            "tags_all": {
              "Name": "testsubnet-front"
            },
            "timeouts": null,
            "vpc_id": "vpc-0fae51a731cf49231"
          },
          "sensitive_attributes": [],
          "private": "eyJlMmJmYjczMC1lY2FhLTExZTYtOGY4OC0zNDM2M2JjN2M0YzAiOnsiY3JlYXRlIjo2MDAwMDAwMDAwMDAsImRlbGV0ZSI6MTIwMDAwMDAwMDAwMH0sInNjaGVtYV92ZXJzaW9uIjoiMSJ9",
          "dependencies": [
            "aws_vpc.vpc"
          ]
        }
      ]
    },
    {
      "mode": "managed",
      "type": "aws_vpc",
      "name": "vpc",
      "provider": "provider[\"registry.terraform.io/hashicorp/aws\"]",
      "instances": [
        {
          "schema_version": 1,
          "attributes": {
            "arn": "arn:aws:ec2:sa-east-1:785952516872:vpc/vpc-0fae51a731cf49231",
            "assign_generated_ipv6_cidr_block": false,
            "cidr_block": "10.0.0.0/24",
            "default_network_acl_id": "acl-0c63a24a2fca20d6a",
            "default_route_table_id": "rtb-0169adf13508b80e7",
            "default_security_group_id": "sg-0a0bac6b9a51693f6",
            "dhcp_options_id": "dopt-0ac50568eb53d564b",
            "enable_classiclink": false,
            "enable_classiclink_dns_support": false,
            "enable_dns_hostnames": true,
            "enable_dns_support": true,
            "id": "vpc-0fae51a731cf49231",
            "instance_tenancy": "default",
            "ipv6_association_id": "",
            "ipv6_cidr_block": "",
            "main_route_table_id": "rtb-0169adf13508b80e7",
            "owner_id": "785952516872",
            "tags": {
              "Name": "testvpc"
            },
            "tags_all": {
              "Name": "testvpc"
            }
          },
          "sensitive_attributes": [],
          "private": "eyJzY2hlbWFfdmVyc2lvbiI6IjEifQ=="
        }
      ]
    },
    {
      "mode": "managed",
      "type": "tls_private_key",
      "name": "pk",
      "provider": "provider[\"registry.terraform.io/hashicorp/tls\"]",
      "instances": [
        {
          "schema_version": 0,
          "attributes": {
            "algorithm": "RSA",
            "ecdsa_curve": "P224",
            "id": "bd4232763f08e26af47698a8a85c23b26c647a02",
            "private_key_pem": "-----BEGIN RSA PRIVATE KEY-----\nMIIJKQIBAAKCAgEAvv7ZBvoEqMIQuBdiB51xvzUHGevIoVEHl4uAGbLBWtndbk3K\nWF9NagOREv+y48+NJ08N7GhwyIdjRtF1Q782aZu//hGT+KnLUY75RcSMBe1uHLBi\nRHBYpPY0iK1I1pCFEoIg9NkKxcIqM47FN/5UygWkMwbQE5iSXSjtD4n3V3HAksyC\n8NFId2TwZycOSzvEyCGN3+NpdUYZWQDsDWh+pgnKmVjrdaRwIK1C/88LJXRlZPY1\nctPAGV6YQKvj2cYtFwlT8jB5gZfQQnD5JGAdAX3lgggzcmypLbR3/OO7ohBkLS9c\nLu9sxnaltAvkjlpWF3I9BH5NnFKm6DV2mqonS0wI1xUa1XOx9KG66hU8CqP/jNJi\nA8vzjGnJoZVvnB5WsibUEM+HIr+Saus8zxB/hZTI+qDhrucjfucmfCbBIFnxt4z6\nNLrkYChtqyACJCbs9M+oMRdh/+Y3dL34bMsOE1iBYYUPWN6ntGdairI30y7wCmeq\n2yfQlns2nHbf4HYk6tBAe2alDaL/1FnP3kXo1mMmsGn04pV/LvFbwaEEgSRaLY5R\nIcFqF2mVv77NGJsVIHifgkAT7UFmMrrvTQf5ViA4MnmbFyPmL/h500SaWTuI99W4\n4tRY0dplr3SeclePsOv7OcusC2KjQxAKevwy/h6i9h9RJTIs8q6OWGLm77MCAwEA\nAQKCAgEArfGfafEtaRxE6cOx7cmAHGmI7ByGfhQz29qacc0Qt1MPjTOfgthYwqI4\n75qcK0mM/i3LOnDrtlVHHuoH6Aku3wOP2S3dG2xX1RFnCBk2hPd1fv9Mn5PJx4LK\n2WcnnPHFn9OPfC5m1zA8CvSNvK8OPWbh4e7kddRQCDQLokk+UA8zGP7UicmwO7xc\nDTXOmMn4L2QPt8V+9+U9lId4c8WlAkaMkxgeaOe3jqr9B8hiGFxnM4nfp5Ids30p\nIEzrmBwaWI6QO1PWdSXz727AGFbIU+F6sfASGrXHZe6kEFa/PZu8AELPq5c185F+\n2/iw0MyI95V86Ki2uhW0GGsId1dbrGvIC/Udo7ywbMLutEl/BSLb4BtsDEulxZde\nDak8RNSOzGqzIob8UjlYc0UOAH3jwNWy6FFQSaqB9NV4QaPucZQuv/cwL/17iocZ\nwBRLv1xYLI8Z3FlrdGfmZ+nIcTDfQribK/D+gRcKWjsFHeg4UGpFfZJKdOrG8shu\nfDjfQ+tyUFowyNxWjkSqMOD1TAS4ykdrjmTF5FtdU4LBXR6kO+O95FY92Z2KqAbG\nJJEB0vyJKeB99NQ85pHJKy9h49oXd3pcld8SBoMS7C9KFTK5wZdb2WZ3mEpMrh11\nHxZ/EXPvHC/p7z+VPURnmFt+Vi3p8oVi/8cX8WphcZP/9Rc3cYECggEBAPqZqUn4\n7Gxinw9yWSclckfPKqh05en1AZL0moDG4thJvwOyzY2Ky+qxpRb+7WparDYOtRmC\nFdmYGoWkVfrtYFuJWAoBzqLfunkIiq8CZE1P4ZnTvC42HoSAencTQBjAW5dBUZIM\n5Y2vsHIp9p7DyTerHkJlzXkyTeX9sGOxHeTyZGYHceb8TIkSCkZyVi4Qze9Pw/MA\nJczDZWEDRuTISU+vMb+bbTKoGCN4LHUydyvwelPeykTO6R7daidTfjcWLZOT06zk\n7AybPKQgR+PcSgy1ROel8itqo14lwPHiqyRZ//sFjFNDqX6QSKXJQ+UDamJ2Mcvn\nG3uydfFuz4TLklMCggEBAMMcZm43AB6mivlADSIgcuZG5avGMKClJLGAUDIrIS/M\n3cD9BeWuK1DOBKQWMSKjgOWEtYZxwyj2TiygpgUwwdgPxsswkpLGSsMDIfFAuO1R\n23anXQGjKVAZpSvqSHVlcDaKcRaf3Exu7hGe7Lwb3FGSlyLkuS5ooOyT221m7UZt\ntQStbjgphPrW4zARPcNCVIGS8SoERIva8JGV8WXa8oKcCj55hWWs7k8AeOVdo7J/\nreq6+5XvqMp/Qev8SCnjrMiRvMaNiPmWu9YGkuFgnYZ0t7K3i15fdI085rb3NVKw\nfOsicUDV/calqZ7jRJMQP1793V+1P+idUKYpSI02QSECggEANDyloirGNY2VNGYU\nmWlf2gIgFT9Q0aTlsBlWv3M1w/oTXBUAbfm5qfFfxVxcZugBr77/FxMbtODU3ni0\nB3tFs678cBGSXjceqq4SIorwF4GIOEV/m25ijCIv5PRZTw+ByBSwiS4xB4jQ0etX\nYh7Tqcv8ocCQxSusOz3Xb+Byp8+zB+WTY5/B4GynQaoBttZ/5tuMr/Ge74DneAJz\n26q4RWjyiMtARuftKC+brM5ZMwqMpUDyjsdGps1mnE32KEtyMqoE3KxXXAVb7aZg\n9elschuzAkqAIXa4GR7rikBChnBQQKYWayDWivBOhGhgw7MjkOSsWqGRBAbeOPZt\nQXQhywKCAQBS/vO7kn3ki+e2Gz76816tAh+UsFvjGhy/vNtgW+RkFvuFqpwlla8r\nUle7DQ2dtHuSJp+pLx9bf1rFtRiqQJFUvXFM4b6X3O3UgrKfk26W1SlMEemIVsWu\nIxqV0bU86weOy9lLTHlDsjRnHnmJkzhnIrpTx4PWb/90Y3kF0rDAMs67zKKEFXVR\n1rMRsWPaeY7FB6K6wtH9xAZth6EGONrMIGBjLwJFvAgrZwIGX4zQ02tB3IRExYvB\nh9yc69Yuq4DGWOg6dd58fVgttOIqKRUZKvExfs40ONq1ceCamBIAuL6Krz4J3H11\nUOcUhYyYGmM6nzbaDZm/85to80q/dwLBAoIBAQCJxxOk+cgDu1eyAGqa8EAG6khc\nVQh/KgI+lsDX2ezVT7JJeEBFtWX9Yv+2DkyMYOQVK1jX5En9aZWLCmt9wXpVpo5I\nvUjN2A5Z7cquzTnmWe8sviV5Nt/olwlzhTi8Oc6wiB7gpC8T31z9QaMyidywxnnW\nnSh2PvhJ6r07vMdONqTYtYYiUI/ZalnoQGEDU/xAmTYxYn/Vk8iiZPT6Wq+YhrpV\nTtZCLbvRURdI6KQlBZzIMfUwEEoXvoRSoGNjCVPWz+h1UBC5wMuZic1Z+h532SCq\nLuQF/g4Qaq47K8Lz9k0gG673QRITB+kKZMADfCw0um/j3v/NTeDgGj1TM0Uq\n-----END RSA PRIVATE KEY-----\n",
            "public_key_fingerprint_md5": "84:b9:28:47:17:14:78:65:fd:68:c9:11:b9:a4:06:66",
            "public_key_openssh": "ssh-rsa AAAAB3NzaC1yc2EAAAADAQABAAACAQC+/tkG+gSowhC4F2IHnXG/NQcZ68ihUQeXi4AZssFa2d1uTcpYX01qA5ES/7Ljz40nTw3saHDIh2NG0XVDvzZpm7/+EZP4qctRjvlFxIwF7W4csGJEcFik9jSIrUjWkIUSgiD02QrFwiozjsU3/lTKBaQzBtATmJJdKO0PifdXccCSzILw0Uh3ZPBnJw5LO8TIIY3f42l1RhlZAOwNaH6mCcqZWOt1pHAgrUL/zwsldGVk9jVy08AZXphAq+PZxi0XCVPyMHmBl9BCcPkkYB0BfeWCCDNybKkttHf847uiEGQtL1wu72zGdqW0C+SOWlYXcj0Efk2cUqboNXaaqidLTAjXFRrVc7H0obrqFTwKo/+M0mIDy/OMacmhlW+cHlayJtQQz4civ5Jq6zzPEH+FlMj6oOGu5yN+5yZ8JsEgWfG3jPo0uuRgKG2rIAIkJuz0z6gxF2H/5jd0vfhsyw4TWIFhhQ9Y3qe0Z1qKsjfTLvAKZ6rbJ9CWezacdt/gdiTq0EB7ZqUNov/UWc/eRejWYyawafTilX8u8VvBoQSBJFotjlEhwWoXaZW/vs0YmxUgeJ+CQBPtQWYyuu9NB/lWIDgyeZsXI+Yv+HnTRJpZO4j31bji1FjR2mWvdJ5yV4+w6/s5y6wLYqNDEAp6/DL+HqL2H1ElMizyro5YYubvsw==\n",
            "public_key_pem": "-----BEGIN PUBLIC KEY-----\nMIICIjANBgkqhkiG9w0BAQEFAAOCAg8AMIICCgKCAgEAvv7ZBvoEqMIQuBdiB51x\nvzUHGevIoVEHl4uAGbLBWtndbk3KWF9NagOREv+y48+NJ08N7GhwyIdjRtF1Q782\naZu//hGT+KnLUY75RcSMBe1uHLBiRHBYpPY0iK1I1pCFEoIg9NkKxcIqM47FN/5U\nygWkMwbQE5iSXSjtD4n3V3HAksyC8NFId2TwZycOSzvEyCGN3+NpdUYZWQDsDWh+\npgnKmVjrdaRwIK1C/88LJXRlZPY1ctPAGV6YQKvj2cYtFwlT8jB5gZfQQnD5JGAd\nAX3lgggzcmypLbR3/OO7ohBkLS9cLu9sxnaltAvkjlpWF3I9BH5NnFKm6DV2mqon\nS0wI1xUa1XOx9KG66hU8CqP/jNJiA8vzjGnJoZVvnB5WsibUEM+HIr+Saus8zxB/\nhZTI+qDhrucjfucmfCbBIFnxt4z6NLrkYChtqyACJCbs9M+oMRdh/+Y3dL34bMsO\nE1iBYYUPWN6ntGdairI30y7wCmeq2yfQlns2nHbf4HYk6tBAe2alDaL/1FnP3kXo\n1mMmsGn04pV/LvFbwaEEgSRaLY5RIcFqF2mVv77NGJsVIHifgkAT7UFmMrrvTQf5\nViA4MnmbFyPmL/h500SaWTuI99W44tRY0dplr3SeclePsOv7OcusC2KjQxAKevwy\n/h6i9h9RJTIs8q6OWGLm77MCAwEAAQ==\n-----END PUBLIC KEY-----\n",
            "rsa_bits": 4096
          },
          "sensitive_attributes": [],
          "private": "bnVsbA=="
        }
      ]
    }
  ]
}
